<?xml version="1.0" encoding="utf-8"?>
<Project ToolsVersion="4.0" xmlns="http://schemas.microsoft.com/developer/msbuild/2003">
  <ItemGroup>
    <Filter Include="98.Default">
      <UniqueIdentifier>{23ee8efb-37d4-464a-b392-6d8f909e6b7a}</UniqueIdentifier>
    </Filter>
    <Filter Include="99.Defines">
      <UniqueIdentifier>{26c9f4a4-0153-4595-b869-61460fa55b88}</UniqueIdentifier>
    </Filter>
    <Filter Include="GameInstance">
      <UniqueIdentifier>{a814c844-b95a-4104-995f-bbc4c8a8d25a}</UniqueIdentifier>
    </Filter>
    <Filter Include="BaseApp">
      <UniqueIdentifier>{40f1e65e-3467-408e-b390-587cebb2025d}</UniqueIdentifier>
    </Filter>
    <Filter Include="Time">
      <UniqueIdentifier>{4d02c76b-0d81-4f29-a8f6-ec77407e7ad2}</UniqueIdentifier>
    </Filter>
    <Filter Include="Level">
      <UniqueIdentifier>{cfa7b3e2-abe9-4952-b88b-0d6f2be2116b}</UniqueIdentifier>
    </Filter>
    <Filter Include="ImGui">
      <UniqueIdentifier>{c67290ad-a882-4268-91f0-81d6ad87472e}</UniqueIdentifier>
    </Filter>
    <Filter Include="ImGui\imgui">
      <UniqueIdentifier>{2a1a2573-5dc3-4262-b519-9fbf141ad6d5}</UniqueIdentifier>
    </Filter>
    <Filter Include="ImGui\imguizmo">
      <UniqueIdentifier>{f6893867-4423-451a-aee4-c91a239734c5}</UniqueIdentifier>
    </Filter>
    <Filter Include="Device">
      <UniqueIdentifier>{53bc83b9-4663-4102-9798-64e0f36db39c}</UniqueIdentifier>
    </Filter>
    <Filter Include="Device\Graphic">
      <UniqueIdentifier>{8859e8ae-f346-4551-a4dd-36c2471a2c49}</UniqueIdentifier>
    </Filter>
    <Filter Include="Device\Input">
      <UniqueIdentifier>{d2cd5ae9-b348-4414-9ae4-1616a7287306}</UniqueIdentifier>
    </Filter>
    <Filter Include="Resource">
      <UniqueIdentifier>{c8a0456f-6b91-48d8-af99-e59ddfa1c63d}</UniqueIdentifier>
    </Filter>
    <Filter Include="Resource\Font">
      <UniqueIdentifier>{d0004710-1375-4923-975f-1e3ac4ba452f}</UniqueIdentifier>
    </Filter>
    <Filter Include="Resource\Manager">
      <UniqueIdentifier>{0d766ba3-8ab1-4757-91b5-043e918e8b89}</UniqueIdentifier>
    </Filter>
    <Filter Include="Resource\Shader">
      <UniqueIdentifier>{f9fb2342-a1b9-4de9-9a4e-338b797bf02f}</UniqueIdentifier>
    </Filter>
    <Filter Include="Resource\State">
      <UniqueIdentifier>{96d148e3-a692-482c-97de-89854e79b9fc}</UniqueIdentifier>
    </Filter>
    <Filter Include="Resource\Texture">
      <UniqueIdentifier>{f8eaf459-6a88-4267-8ce9-7748bafcf05d}</UniqueIdentifier>
    </Filter>
    <Filter Include="Resource\ViewPort">
      <UniqueIdentifier>{ae93cd44-51ac-46e6-afc1-398a7858931e}</UniqueIdentifier>
    </Filter>
    <Filter Include="Resource\Json">
      <UniqueIdentifier>{e8711322-ff45-4451-9531-092d29c57fb8}</UniqueIdentifier>
    </Filter>
    <Filter Include="Resource\FmodSound">
      <UniqueIdentifier>{b2d31a83-31db-430e-812b-c9ecd6de9a85}</UniqueIdentifier>
    </Filter>
    <Filter Include="Resource\Buffer">
      <UniqueIdentifier>{e8df7f74-2a1d-4d32-a6c0-0d1a15739002}</UniqueIdentifier>
    </Filter>
    <Filter Include="Resource\Buffer\ConstBuffer">
      <UniqueIdentifier>{030335b4-0a6b-4227-a098-29cc75deaa38}</UniqueIdentifier>
    </Filter>
    <Filter Include="Resource\Buffer\VIBuffer">
      <UniqueIdentifier>{56f135a7-5025-4a70-8800-48d21a5d2040}</UniqueIdentifier>
    </Filter>
    <Filter Include="Resource\State\Blend">
      <UniqueIdentifier>{59c7483c-6d85-40de-a65d-19631e785c59}</UniqueIdentifier>
    </Filter>
    <Filter Include="Resource\State\DepthStencil">
      <UniqueIdentifier>{f2585fca-4948-4f9e-8a92-af6874d78db2}</UniqueIdentifier>
    </Filter>
    <Filter Include="Resource\State\Rasterizer">
      <UniqueIdentifier>{03339ace-266c-4d22-aa8a-470bea628098}</UniqueIdentifier>
    </Filter>
    <Filter Include="Resource\State\Sampler">
      <UniqueIdentifier>{b8e61d9d-e748-4876-a582-cf2d69e3a5fa}</UniqueIdentifier>
    </Filter>
    <Filter Include="Resource\Shader\Compute">
      <UniqueIdentifier>{630a49c6-b457-495e-aae1-a03292817dc3}</UniqueIdentifier>
    </Filter>
    <Filter Include="Resource\Shader\Geometry">
      <UniqueIdentifier>{4ff752a9-48d9-424e-b62b-dbf413a1a1a2}</UniqueIdentifier>
    </Filter>
    <Filter Include="Resource\Shader\Pixel">
      <UniqueIdentifier>{13f02c6e-b1e5-424a-91a4-bd76d0f2d039}</UniqueIdentifier>
    </Filter>
    <Filter Include="Resource\Shader\GeometryStreamOut">
      <UniqueIdentifier>{815603bb-e4ba-4228-8bf2-8567a4371ab0}</UniqueIdentifier>
    </Filter>
    <Filter Include="Resource\Shader\TessDomain">
      <UniqueIdentifier>{468f35c9-1fd8-4c6f-b476-ae0b2b77836d}</UniqueIdentifier>
    </Filter>
    <Filter Include="Resource\Shader\TessHull">
      <UniqueIdentifier>{24cfae73-a59e-4e69-a9e8-9b08dbc8c78f}</UniqueIdentifier>
    </Filter>
    <Filter Include="Resource\Shader\Vertex">
      <UniqueIdentifier>{ff6595ec-c455-443c-81c4-fb4b9acf104a}</UniqueIdentifier>
    </Filter>
    <Filter Include="Resource\Buffer\DynamicBuffer">
      <UniqueIdentifier>{c03a2d95-c663-4719-a98e-d79579b1857d}</UniqueIdentifier>
    </Filter>
    <Filter Include="Resource\Buffer\VIBuffer\DynamicVIBuffer">
      <UniqueIdentifier>{0edfb839-b17f-4270-9a8d-896874f8a206}</UniqueIdentifier>
    </Filter>
    <Filter Include="Resource\Buffer\VIBuffer\Quad">
      <UniqueIdentifier>{f2a7f268-c5ee-48b0-a170-8aa86851654e}</UniqueIdentifier>
    </Filter>
    <Filter Include="Resource\Buffer\VIBuffer\Cube">
      <UniqueIdentifier>{27fd8183-79c0-4769-aec6-b725913d457a}</UniqueIdentifier>
    </Filter>
    <Filter Include="Sound">
      <UniqueIdentifier>{104cf38f-3563-4e08-b415-b18017d636b9}</UniqueIdentifier>
    </Filter>
    <Filter Include="Font">
      <UniqueIdentifier>{a7efe019-3372-4b19-8714-7c5ac1fee46f}</UniqueIdentifier>
    </Filter>
    <Filter Include="Prototype">
      <UniqueIdentifier>{54486c49-b52c-4909-92af-78ef430ec133}</UniqueIdentifier>
    </Filter>
    <Filter Include="Component">
      <UniqueIdentifier>{f49d9caf-24dd-46ca-bf6a-c7fbf2352913}</UniqueIdentifier>
    </Filter>
    <Filter Include="Component\Transform">
      <UniqueIdentifier>{c80e3876-42f2-4fe4-abec-5c48ba277df0}</UniqueIdentifier>
    </Filter>
    <Filter Include="Component\Collider">
      <UniqueIdentifier>{4a2f1db1-2bfb-48a0-9cbc-d28404da8708}</UniqueIdentifier>
    </Filter>
    <Filter Include="Component\ConstantBuffer">
      <UniqueIdentifier>{a74745d2-ec65-4a07-84b1-b21d786b102e}</UniqueIdentifier>
    </Filter>
    <Filter Include="GameObject">
      <UniqueIdentifier>{d05dad28-bbf8-4a57-a0c8-5127700056bd}</UniqueIdentifier>
    </Filter>
    <Filter Include="Renderer">
      <UniqueIdentifier>{549e746a-0669-43be-9f3d-ee124add7771}</UniqueIdentifier>
    </Filter>
    <Filter Include="Collider">
      <UniqueIdentifier>{523cc379-1ed9-40ce-b88b-b1e52d3bb9aa}</UniqueIdentifier>
    </Filter>
    <Filter Include="Collider\Box">
      <UniqueIdentifier>{e35deb10-227f-41da-b7e8-961304c7ecda}</UniqueIdentifier>
    </Filter>
    <Filter Include="Collider\Frustum">
      <UniqueIdentifier>{c4081a5f-0c2a-4e6e-873d-f1901e6a943f}</UniqueIdentifier>
    </Filter>
    <Filter Include="Collider\Manager">
      <UniqueIdentifier>{c8e8f265-ca96-4922-95b4-aa182d60f51d}</UniqueIdentifier>
    </Filter>
    <Filter Include="Collider\OrientedBox">
      <UniqueIdentifier>{c3bed82c-45ca-4d25-928d-cb4ffe012107}</UniqueIdentifier>
    </Filter>
    <Filter Include="Collider\Sphere">
      <UniqueIdentifier>{fe2c338b-2ba5-4f53-b45d-c732a005afc9}</UniqueIdentifier>
    </Filter>
    <Filter Include="GameObject\Manager">
      <UniqueIdentifier>{038b9275-f003-4aec-b55b-8051b26a4609}</UniqueIdentifier>
    </Filter>
    <Filter Include="GameObject\Camera">
      <UniqueIdentifier>{be9de0bd-5df9-4eb4-8790-1b60eb54ec33}</UniqueIdentifier>
    </Filter>
    <Filter Include="GameObject\Camera\Manager">
      <UniqueIdentifier>{93babcc0-13ad-4a2e-bbf7-661acfb611df}</UniqueIdentifier>
    </Filter>
    <Filter Include="GameObject\UI">
      <UniqueIdentifier>{a645e0f5-17ff-4ea4-9322-a66172b21c65}</UniqueIdentifier>
    </Filter>
    <Filter Include="GameObject\Camera\FlyCamera">
      <UniqueIdentifier>{ce70bf57-b1c2-418d-a4e6-1f2fa0d50898}</UniqueIdentifier>
    </Filter>
    <Filter Include="GameObject\Camera\UICamera">
      <UniqueIdentifier>{7b11d538-0c52-4c53-b765-ceff8b82410a}</UniqueIdentifier>
    </Filter>
    <Filter Include="Component\BeHavior">
      <UniqueIdentifier>{eeb87804-96a4-445d-b56d-cd299f59d99a}</UniqueIdentifier>
    </Filter>
    <Filter Include="Component\BeHavior\Root">
      <UniqueIdentifier>{778c404a-02df-4df7-8ba6-c39c86543c21}</UniqueIdentifier>
    </Filter>
    <Filter Include="Component\BeHavior\Root\Composite">
      <UniqueIdentifier>{4f83284b-9c4b-4ed3-bd92-b3e09161a9d6}</UniqueIdentifier>
    </Filter>
    <Filter Include="Component\BeHavior\Root\Composite\CompositeNode">
      <UniqueIdentifier>{bb4102c8-dfc5-48a9-ba4b-088bcfd0c1d3}</UniqueIdentifier>
    </Filter>
    <Filter Include="Component\BeHavior\Root\Composite\CompositeNode\ActionNode">
      <UniqueIdentifier>{34a81dda-27be-4b5f-987d-0d8910cb8c11}</UniqueIdentifier>
    </Filter>
    <Filter Include="Component\Model">
      <UniqueIdentifier>{dfa57b22-fd37-4dd2-9367-bbd2228e36e0}</UniqueIdentifier>
    </Filter>
    <Filter Include="Resource\Model">
      <UniqueIdentifier>{da29fb2a-2441-4902-b380-64c51f245a4a}</UniqueIdentifier>
    </Filter>
    <Filter Include="Particle">
      <UniqueIdentifier>{589fcc85-1017-4ac2-af22-a72a33cda30d}</UniqueIdentifier>
    </Filter>
    <Filter Include="Particle\Manager">
      <UniqueIdentifier>{c1fa7139-e2b8-42e3-af1a-6f6586237a79}</UniqueIdentifier>
    </Filter>
    <Filter Include="Resource\Buffer\StructuredBuffer">
      <UniqueIdentifier>{597ecc2e-6e12-4bca-a731-710e41604dc9}</UniqueIdentifier>
    </Filter>
    <Filter Include="Worker">
      <UniqueIdentifier>{4b54a874-7f22-406a-87ee-4ab1ddb1f1ec}</UniqueIdentifier>
    </Filter>
    <Filter Include="ShaderManager">
      <UniqueIdentifier>{8c4a927c-c056-4793-822a-c8e18c8ed7cd}</UniqueIdentifier>
    </Filter>
    <Filter Include="ShaderFiles">
      <UniqueIdentifier>{49228d5e-6075-4149-aa44-94dbc979feae}</UniqueIdentifier>
    </Filter>
    <Filter Include="Tracy">
      <UniqueIdentifier>{e02f4b44-ac4b-4c18-9468-0d92e7afed7a}</UniqueIdentifier>
    </Filter>
    <Filter Include="AnimationEditor">
      <UniqueIdentifier>{5068b7e8-6054-49e9-b16c-65ba14323f27}</UniqueIdentifier>
    </Filter>
    <Filter Include="ImGui\imguiNode">
      <UniqueIdentifier>{f6e1fdd5-8097-4129-ac35-c16f95a426fc}</UniqueIdentifier>
    </Filter>
    <Filter Include="Component\BeHavior\NodeEditor">
      <UniqueIdentifier>{e03910e5-6429-4dec-a18a-068d40361ec5}</UniqueIdentifier>
    </Filter>
    <Filter Include="ShaderFiles\ShaderHeader">
      <UniqueIdentifier>{d77b96f9-a136-4e98-99f4-f8e028b0a6b7}</UniqueIdentifier>
    </Filter>
    <Filter Include="ShaderFiles\PBR">
      <UniqueIdentifier>{c32867ef-b809-4772-8df2-1fc6fb47d2b1}</UniqueIdentifier>
    </Filter>
    <Filter Include="ShaderFiles\PostProcess">
      <UniqueIdentifier>{6333958a-0ae9-43c0-be71-e225845411eb}</UniqueIdentifier>
    </Filter>
    <Filter Include="ShaderFiles\DeferredRendering">
      <UniqueIdentifier>{e1969c45-06ce-4472-8db8-e28ba8c9d171}</UniqueIdentifier>
    </Filter>
    <Filter Include="ShaderFiles\TestModel">
      <UniqueIdentifier>{b6b2669a-5f7d-4f5d-8f43-d61f06a7274f}</UniqueIdentifier>
    </Filter>
    <Filter Include="GameObject\Light">
      <UniqueIdentifier>{9b4bff0c-7aff-4a33-bbfa-dbc8a79bb31a}</UniqueIdentifier>
    </Filter>
    <Filter Include="GameObject\Light\LightManager">
      <UniqueIdentifier>{d7857738-565d-4c8e-a809-69cd550d51f5}</UniqueIdentifier>
    </Filter>
    <Filter Include="GameObject\Light\Light">
      <UniqueIdentifier>{80386b6b-b029-4c7a-8977-2585324517d4}</UniqueIdentifier>
    </Filter>
    <Filter Include="Resource\Model\Mesh">
      <UniqueIdentifier>{2529e691-5e3c-4d3d-a5c7-36938f85e568}</UniqueIdentifier>
    </Filter>
    <Filter Include="Resource\Model\Material">
      <UniqueIdentifier>{a9a0ccd1-a8fb-426a-894f-42bd47e35abd}</UniqueIdentifier>
    </Filter>
    <Filter Include="Resource\Model\Bone">
      <UniqueIdentifier>{80be926b-aef1-480b-9d13-375a5022482e}</UniqueIdentifier>
    </Filter>
    <Filter Include="Resource\Model\StaticMesh">
      <UniqueIdentifier>{7a769126-7605-4c3d-a331-718c47992402}</UniqueIdentifier>
    </Filter>
    <Filter Include="Resource\Model\Animation">
      <UniqueIdentifier>{0def9701-063f-4df4-8d18-1c408b1e3fcc}</UniqueIdentifier>
    </Filter>
    <Filter Include="Resource\Model\Animation\Chanel">
      <UniqueIdentifier>{5501d83f-8f9c-4c60-9920-38d2224d1bfd}</UniqueIdentifier>
    </Filter>
    <Filter Include="Renderer\MyGFSDK_SSAO">
      <UniqueIdentifier>{01c59ff2-d7dc-4d7e-bfdf-981eb6d44a2e}</UniqueIdentifier>
    </Filter>
    <Filter Include="PhysX">
      <UniqueIdentifier>{6bae5342-64b4-433d-9a1a-504418ae115e}</UniqueIdentifier>
    </Filter>
    <Filter Include="PhysX\Manager">
      <UniqueIdentifier>{f5a5eb2a-888e-4d69-bfbd-c08eacd2a9f4}</UniqueIdentifier>
    </Filter>
    <Filter Include="Component\PhysX">
      <UniqueIdentifier>{ffcf98bd-cb43-4bcb-aeb7-f1c348a7cd4a}</UniqueIdentifier>
    </Filter>
    <Filter Include="DbgLineRender">
      <UniqueIdentifier>{73dc1ce5-5e43-456c-9516-480eec51ec73}</UniqueIdentifier>
    </Filter>
    <Filter Include="PhysX\Manager\Listeners">
      <UniqueIdentifier>{a0000210-3a95-4f92-a279-706ab301b8f8}</UniqueIdentifier>
    </Filter>
    <Filter Include="Component\PhysX\Collider">
      <UniqueIdentifier>{060add1d-1058-4620-ac1c-9efccfc640bc}</UniqueIdentifier>
    </Filter>
    <Filter Include="Component\PhysX\RigidBody">
      <UniqueIdentifier>{ef069a81-7cf2-4664-904d-b30ae8d04d26}</UniqueIdentifier>
    </Filter>
    <Filter Include="Component\PhysX\Collider\Box">
      <UniqueIdentifier>{0ec1bad3-3526-4018-b870-041113a940d2}</UniqueIdentifier>
    </Filter>
    <Filter Include="Component\PhysX\Collider\Sphere">
      <UniqueIdentifier>{4aa2412d-f417-447b-8ad3-fdce453d4a28}</UniqueIdentifier>
    </Filter>
    <Filter Include="Component\PhysX\Collider\Capsule">
      <UniqueIdentifier>{add171b8-6e1d-48a8-aac0-97b85f3f8bd3}</UniqueIdentifier>
    </Filter>
    <Filter Include="Component\PhysX\Collider\TriMesh">
      <UniqueIdentifier>{268cfd1a-926a-45bb-8ca0-77076c713cf6}</UniqueIdentifier>
    </Filter>
    <Filter Include="Resource\PhysX">
      <UniqueIdentifier>{9c4cf5b7-ec80-4892-90ff-c9dac3d1361a}</UniqueIdentifier>
    </Filter>
    <Filter Include="Resource\PhysX\Material">
      <UniqueIdentifier>{45111356-3fc4-4f24-b687-6f5e2c3ed218}</UniqueIdentifier>
    </Filter>
    <Filter Include="Resource\PhysX\Geometry">
      <UniqueIdentifier>{f9f0768f-a162-4a0c-a772-5c7e9a7ddafd}</UniqueIdentifier>
    </Filter>
    <Filter Include="Resource\PhysX\Geometry\Box">
      <UniqueIdentifier>{2f83e41a-cfe1-4714-8db8-6268104900ea}</UniqueIdentifier>
    </Filter>
    <Filter Include="Resource\PhysX\Geometry\Sphere">
      <UniqueIdentifier>{2ba6b853-162b-4d7b-acc6-a78fea6c3430}</UniqueIdentifier>
    </Filter>
    <Filter Include="Resource\PhysX\Geometry\Capsule">
      <UniqueIdentifier>{cc252147-9b76-442d-b3bc-cc4cc6b08dbf}</UniqueIdentifier>
    </Filter>
    <Filter Include="Resource\PhysX\Geometry\TriMesh">
      <UniqueIdentifier>{64989bcc-7d16-41d1-81b6-b3e54f558f9c}</UniqueIdentifier>
    </Filter>
    <Filter Include="GameObject\MapMeshObject">
      <UniqueIdentifier>{771de9b5-bb1c-4900-8366-21c558f64744}</UniqueIdentifier>
    </Filter>
    <Filter Include="DebugDraw">
      <UniqueIdentifier>{766f1db3-e511-4caf-a8bc-c189164d5b76}</UniqueIdentifier>
    </Filter>
    <Filter Include="Resource\Buffer\InstanceBuffer">
      <UniqueIdentifier>{c6f96c4d-a6c1-4ed5-8f61-31cd10d721d3}</UniqueIdentifier>
    </Filter>
    <Filter Include="Particle\Beam">
      <UniqueIdentifier>{25baf6d4-8ef0-42f5-a817-5e51b5a77092}</UniqueIdentifier>
    </Filter>
    <Filter Include="Component\Model">
      <UniqueIdentifier>{dfa57b22-fd37-4dd2-9367-bbd2228e36e0}</UniqueIdentifier>
    </Filter>
    <Filter Include="Component\Model\ComModelInstance">
      <UniqueIdentifier>{f96b322a-def0-42b5-b018-9b2180faac69}</UniqueIdentifier>
    </Filter>
    <Filter Include="Component\Model\ComAnimMontage">
      <UniqueIdentifier>{21a90845-ab5e-4613-9e21-afc67bec6f01}</UniqueIdentifier>
    </Filter>
    <Filter Include="Component\Model\ComAnimator">
      <UniqueIdentifier>{f72128ce-6417-4102-85a1-b6d875c091b8}</UniqueIdentifier>
    </Filter>
    <Filter Include="Component\Model\ComStaticModelInstance">
      <UniqueIdentifier>{adf76671-6a71-4f3c-892a-c5e56a83ea53}</UniqueIdentifier>
    </Filter>
    <Filter Include="CreatureEditor">
      <UniqueIdentifier>{81c5d708-60d2-4424-9656-f9a6fdd68ebd}</UniqueIdentifier>
    </Filter>
    <Filter Include="Component\BeHavior\Manager">
      <UniqueIdentifier>{b418bd54-e8f1-4319-94f0-07024156c5d3}</UniqueIdentifier>
    </Filter>
    <Filter Include="Particle\Trail">
      <UniqueIdentifier>{fa144d76-945b-4f75-9b1e-e904b23c45de}</UniqueIdentifier>
    </Filter>
    <Filter Include="GameObject\UI\TexUI">
      <UniqueIdentifier>{95b3224a-ec84-44dc-bea3-82786515b1a8}</UniqueIdentifier>
    </Filter>
    <Filter Include="GameObject\UI\FlipBook">
      <UniqueIdentifier>{1e0a8593-1c36-4a42-b050-de4ea209625e}</UniqueIdentifier>
    </Filter>
    <Filter Include="Component\BeHavior\Root\Composite\CompositeNode\Decorator">
      <UniqueIdentifier>{47e93750-d693-43cf-905b-e6410128780a}</UniqueIdentifier>
    </Filter>
    <Filter Include="GameObject\Manager\Octree">
      <UniqueIdentifier>{609be27f-61d8-411a-9f8d-827099564f0c}</UniqueIdentifier>
    </Filter>
    <Filter Include="GameObject\UI\TextUI">
      <UniqueIdentifier>{a92fc6c2-e328-43e7-84e1-97d2e602a42e}</UniqueIdentifier>
    </Filter>
    <Filter Include="ShaderFiles\RayMarching">
      <UniqueIdentifier>{3a83175f-9144-49e7-a79d-807e0f72fd2b}</UniqueIdentifier>
    </Filter>
    <Filter Include="NavMesh">
      <UniqueIdentifier>{d41c07dc-efc6-4a40-ab12-ec459a466f78}</UniqueIdentifier>
    </Filter>
    <Filter Include="Particle\Patterns">
      <UniqueIdentifier>{8d80bf88-9b49-4a3b-bbcd-adac93f3ef9a}</UniqueIdentifier>
    </Filter>
    <Filter Include="Serialize">
      <UniqueIdentifier>{0de11d8a-74ae-4ec3-8306-1f6a9ce6b93a}</UniqueIdentifier>
    </Filter>
    <Filter Include="Serialize\Serializer">
      <UniqueIdentifier>{d6e86395-2f32-4042-8451-2eb39d36945c}</UniqueIdentifier>
    </Filter>
    <Filter Include="Serialize\Serializer\Json">
      <UniqueIdentifier>{f177e4d8-2d52-4391-be87-0d91dbfbcbfa}</UniqueIdentifier>
    </Filter>
    <Filter Include="Serialize\Serializer\Bin">
      <UniqueIdentifier>{3fec66fe-f56b-408d-9d7f-e9a88221201a}</UniqueIdentifier>
    </Filter>
    <Filter Include="Serialize\Manager">
      <UniqueIdentifier>{ce1b0279-18da-41e8-9877-92414cc80d39}</UniqueIdentifier>
    </Filter>
    <Filter Include="Serialize\Factory">
      <UniqueIdentifier>{fa3bef3a-5cdf-42dd-94dc-2af1936fec0f}</UniqueIdentifier>
    </Filter>
    <Filter Include="Serialize\TestCase">
      <UniqueIdentifier>{c5f4b517-bb73-4605-8016-a663b5b4c675}</UniqueIdentifier>
    </Filter>
    <Filter Include="Lua">
      <UniqueIdentifier>{dfd76b79-cecb-4cca-9ac8-e0ce39ef16d3}</UniqueIdentifier>
    </Filter>
    <Filter Include="Resource\Lua">
      <UniqueIdentifier>{1c8d7925-0f83-447f-a69c-11d8567da66e}</UniqueIdentifier>
    </Filter>
    <Filter Include="Resource\Lua\Script">
      <UniqueIdentifier>{1ba4e867-2138-473d-9756-d729dd3de5b9}</UniqueIdentifier>
    </Filter>
    <Filter Include="LuaFiles">
      <UniqueIdentifier>{b542ee9a-40cf-4a50-9d8a-b0feb91d0b38}</UniqueIdentifier>
    </Filter>
    <Filter Include="Component\Lua">
      <UniqueIdentifier>{b39ae02f-5cb2-4ba1-b7b3-e4646aac4b23}</UniqueIdentifier>
    </Filter>
    <Filter Include="Lua\Watcher">
      <UniqueIdentifier>{9d20ff6d-a821-4923-8d6b-f0880f32157f}</UniqueIdentifier>
    </Filter>
    <Filter Include="LuaFiles\SomeFolder">
      <UniqueIdentifier>{bde2835c-1d45-44d2-aca4-56623b27cddf}</UniqueIdentifier>
    </Filter>
    <Filter Include="Component\UI">
      <UniqueIdentifier>{57cb4369-faf4-4ad0-a818-4a3a747de9b1}</UniqueIdentifier>
    </Filter>
    <Filter Include="Component\UI\MouseComponent">
      <UniqueIdentifier>{8318dad6-1853-412a-83bd-17623d00c9b8}</UniqueIdentifier>
    </Filter>
    <Filter Include="Component\Tween">
      <UniqueIdentifier>{e99a0e3b-f69e-4691-9ba2-e52f19c81311}</UniqueIdentifier>
    </Filter>
  </ItemGroup>
  <ItemGroup>
    <ClInclude Include="framework.h">
      <Filter>98.Default</Filter>
    </ClInclude>
    <ClInclude Include="pch.h">
      <Filter>98.Default</Filter>
    </ClInclude>
    <ClInclude Include="..\public\GameInstance.h">
      <Filter>GameInstance</Filter>
    </ClInclude>
    <ClInclude Include="..\Public\Engine_Typedef.h">
      <Filter>99.Defines</Filter>
    </ClInclude>
    <ClInclude Include="..\Public\Engine_Defines.h">
      <Filter>99.Defines</Filter>
    </ClInclude>
    <ClInclude Include="..\Public\Engine_Enum.h">
      <Filter>99.Defines</Filter>
    </ClInclude>
    <ClInclude Include="..\Public\Engine_Function.h">
      <Filter>99.Defines</Filter>
    </ClInclude>
    <ClInclude Include="..\Public\Engine_Macro.h">
      <Filter>99.Defines</Filter>
    </ClInclude>
    <ClInclude Include="..\Public\Engine_Struct.h">
      <Filter>99.Defines</Filter>
    </ClInclude>
    <ClInclude Include="..\Public\Engine_Tag.h">
      <Filter>99.Defines</Filter>
    </ClInclude>
    <ClInclude Include="..\Public\Engine_Template.h">
      <Filter>99.Defines</Filter>
    </ClInclude>
    <ClInclude Include="..\Public\Engine_Base.h">
      <Filter>99.Defines</Filter>
    </ClInclude>
    <ClInclude Include="..\Public\TimeProvider.h">
      <Filter>Time</Filter>
    </ClInclude>
    <ClInclude Include="..\Public\Timer.h">
      <Filter>Time</Filter>
    </ClInclude>
    <ClInclude Include="..\Public\BaseApp.h">
      <Filter>BaseApp</Filter>
    </ClInclude>
    <ClInclude Include="..\Public\LevelManager.h">
      <Filter>Level</Filter>
    </ClInclude>
    <ClInclude Include="..\Public\Level.h">
      <Filter>Level</Filter>
    </ClInclude>
    <ClInclude Include="..\Public\ImguiManager.h">
      <Filter>ImGui</Filter>
    </ClInclude>
    <ClInclude Include="..\Public\DInputManager.h">
      <Filter>Device\Input</Filter>
    </ClInclude>
    <ClInclude Include="..\Public\GraphicDevice.h">
      <Filter>Device\Graphic</Filter>
    </ClInclude>
    <ClInclude Include="..\Public\Resource.h">
      <Filter>Resource</Filter>
    </ClInclude>
    <ClInclude Include="..\Public\Resources.h">
      <Filter>Resource</Filter>
    </ClInclude>
    <ClInclude Include="..\Public\ResDynamicTexture2D.h">
      <Filter>Resource\Texture</Filter>
    </ClInclude>
    <ClInclude Include="..\Public\ResFmodSound.h">
      <Filter>Resource\FmodSound</Filter>
    </ClInclude>
    <ClInclude Include="..\Public\ResFont.h">
      <Filter>Resource\Font</Filter>
    </ClInclude>
    <ClInclude Include="..\Public\ResFontCustom.h">
      <Filter>Resource\Font</Filter>
    </ClInclude>
    <ClInclude Include="..\Public\ResJson.h">
      <Filter>Resource\Json</Filter>
    </ClInclude>
    <ClInclude Include="..\Public\ResOffscreenTexture.h">
      <Filter>Resource\Texture</Filter>
    </ClInclude>
    <ClInclude Include="..\Public\ResourceManager.h">
      <Filter>Resource\Manager</Filter>
    </ClInclude>
    <ClInclude Include="..\Public\ResShader.h">
      <Filter>Resource\Shader</Filter>
    </ClInclude>
    <ClInclude Include="..\Public\ResTexture.h">
      <Filter>Resource\Texture</Filter>
    </ClInclude>
    <ClInclude Include="..\Public\ResTexture2D.h">
      <Filter>Resource\Texture</Filter>
    </ClInclude>
    <ClInclude Include="..\Public\ResTexture2DArray.h">
      <Filter>Resource\Texture</Filter>
    </ClInclude>
    <ClInclude Include="..\Public\ResTextureCubeMap.h">
      <Filter>Resource\Texture</Filter>
    </ClInclude>
    <ClInclude Include="..\Public\ResViewPort.h">
      <Filter>Resource\ViewPort</Filter>
    </ClInclude>
    <ClInclude Include="..\Public\ResCBuffer.h">
      <Filter>Resource\Buffer\ConstBuffer</Filter>
    </ClInclude>
    <ClInclude Include="..\Public\ResVIBuffer.h">
      <Filter>Resource\Buffer\VIBuffer</Filter>
    </ClInclude>
    <ClInclude Include="..\Public\ResBlendState.h">
      <Filter>Resource\State\Blend</Filter>
    </ClInclude>
    <ClInclude Include="..\Public\ResDepthStencilState.h">
      <Filter>Resource\State\DepthStencil</Filter>
    </ClInclude>
    <ClInclude Include="..\Public\ResRasterizerState.h">
      <Filter>Resource\State\Rasterizer</Filter>
    </ClInclude>
    <ClInclude Include="..\Public\ResSamplerState.h">
      <Filter>Resource\State\Sampler</Filter>
    </ClInclude>
    <ClInclude Include="..\Public\ResComputeShader.h">
      <Filter>Resource\Shader\Compute</Filter>
    </ClInclude>
    <ClInclude Include="..\Public\ResGeometryShader.h">
      <Filter>Resource\Shader\Geometry</Filter>
    </ClInclude>
    <ClInclude Include="..\Public\ResPixelShader.h">
      <Filter>Resource\Shader\Pixel</Filter>
    </ClInclude>
    <ClInclude Include="..\Public\ResGeoShaderStreamOut.h">
      <Filter>Resource\Shader\GeometryStreamOut</Filter>
    </ClInclude>
    <ClInclude Include="..\Public\ResTessDomainShader.h">
      <Filter>Resource\Shader\TessDomain</Filter>
    </ClInclude>
    <ClInclude Include="..\Public\ResTessHullShader.h">
      <Filter>Resource\Shader\TessHull</Filter>
    </ClInclude>
    <ClInclude Include="..\Public\ResVertexShader.h">
      <Filter>Resource\Shader\Vertex</Filter>
    </ClInclude>
    <ClInclude Include="..\Public\ResDynamicBuffer.h">
      <Filter>Resource\Buffer\DynamicBuffer</Filter>
    </ClInclude>
    <ClInclude Include="..\Public\ResDynamicVIBuffer.h">
      <Filter>Resource\Buffer\VIBuffer\DynamicVIBuffer</Filter>
    </ClInclude>
    <ClInclude Include="..\Public\ResQuadTexBuffer.h">
      <Filter>Resource\Buffer\VIBuffer\Quad</Filter>
    </ClInclude>
    <ClInclude Include="..\Public\ResQuadBuffer.h">
      <Filter>Resource\Buffer\VIBuffer\Quad</Filter>
    </ClInclude>
    <ClInclude Include="..\Public\ResQuadColBuffer.h">
      <Filter>Resource\Buffer\VIBuffer\Quad</Filter>
    </ClInclude>
    <ClInclude Include="..\Public\ResQuadFullscreenTexBuffer.h">
      <Filter>Resource\Buffer\VIBuffer\Quad</Filter>
    </ClInclude>
    <ClInclude Include="..\Public\ResCubeBuffer.h">
      <Filter>Resource\Buffer\VIBuffer\Cube</Filter>
    </ClInclude>
    <ClInclude Include="..\Public\ResCubeColBuffer.h">
      <Filter>Resource\Buffer\VIBuffer\Cube</Filter>
    </ClInclude>
    <ClInclude Include="..\Public\SoundManager.h">
      <Filter>Sound</Filter>
    </ClInclude>
    <ClInclude Include="..\Public\FontManager.h">
      <Filter>Font</Filter>
    </ClInclude>
    <ClInclude Include="..\Public\WorkerManager.h">
      <Filter>Worker</Filter>
    </ClInclude>
    <ClInclude Include="..\Public\Prototype.h">
      <Filter>Prototype</Filter>
    </ClInclude>
    <ClInclude Include="..\Public\PrototypeManager.h">
      <Filter>Prototype</Filter>
    </ClInclude>
    <ClInclude Include="..\Public\Component.h">
      <Filter>Component</Filter>
    </ClInclude>
    <ClInclude Include="..\Public\ComTransform.h">
      <Filter>Component\Transform</Filter>
    </ClInclude>
    <ClInclude Include="..\Public\ComCollider.h">
      <Filter>Component\Collider</Filter>
    </ClInclude>
    <ClInclude Include="..\Public\ComConstantBuffer.h">
      <Filter>Component\ConstantBuffer</Filter>
    </ClInclude>
    <ClInclude Include="..\Public\GameObject.h">
      <Filter>GameObject</Filter>
    </ClInclude>
    <ClInclude Include="..\Public\MyTreeNode.h">
      <Filter>GameObject</Filter>
    </ClInclude>
    <ClInclude Include="..\Public\Slot.h">
      <Filter>GameObject</Filter>
    </ClInclude>
    <ClInclude Include="..\Public\Handle.h">
      <Filter>GameObject</Filter>
    </ClInclude>
    <ClInclude Include="..\Public\IRenderable.h">
      <Filter>Renderer</Filter>
    </ClInclude>
    <ClInclude Include="..\Public\Collider.h">
      <Filter>Collider</Filter>
    </ClInclude>
    <ClInclude Include="..\Public\CollBox.h">
      <Filter>Collider\Box</Filter>
    </ClInclude>
    <ClInclude Include="..\Public\CollFrustum.h">
      <Filter>Collider\Frustum</Filter>
    </ClInclude>
    <ClInclude Include="..\Public\ColliderManager.h">
      <Filter>Collider\Manager</Filter>
    </ClInclude>
    <ClInclude Include="..\Public\CollOrientedBox.h">
      <Filter>Collider\OrientedBox</Filter>
    </ClInclude>
    <ClInclude Include="..\Public\CollSphere.h">
      <Filter>Collider\Sphere</Filter>
    </ClInclude>
    <ClInclude Include="..\Public\GameObjectManager.h">
      <Filter>GameObject\Manager</Filter>
    </ClInclude>
    <ClInclude Include="..\Public\CameraObject.h">
      <Filter>GameObject\Camera</Filter>
    </ClInclude>
    <ClInclude Include="..\Public\CameraManager.h">
      <Filter>GameObject\Camera\Manager</Filter>
    </ClInclude>
    <ClInclude Include="..\Public\UIObject.h">
      <Filter>GameObject\UI</Filter>
    </ClInclude>
    <ClInclude Include="..\Public\FlyCamera.h">
      <Filter>GameObject\Camera\FlyCamera</Filter>
    </ClInclude>
    <ClInclude Include="..\Public\Renderer.h">
      <Filter>Renderer</Filter>
    </ClInclude>
    <ClInclude Include="..\Public\UICamera.h">
      <Filter>GameObject\Camera\UICamera</Filter>
    </ClInclude>
    <ClInclude Include="..\Public\Engine_Struct_ConstantBuffer.h">
      <Filter>99.Defines</Filter>
    </ClInclude>
    <ClInclude Include="..\Public\Engine_Struct_Vertex.h">
      <Filter>99.Defines</Filter>
    </ClInclude>
    <ClInclude Include="..\Public\ResModel.h">
      <Filter>Resource\Model</Filter>
    </ClInclude>
    <ClInclude Include="..\Public\Engine_Assimp_Enum.h">
      <Filter>99.Defines</Filter>
    </ClInclude>
    <ClInclude Include="..\public\ParticleManager.h">
      <Filter>Particle\Manager</Filter>
    </ClInclude>
    <ClInclude Include="..\public\ResStructuredBuffer.h">
      <Filter>Resource\Buffer\StructuredBuffer</Filter>
    </ClInclude>
    <ClInclude Include="..\public\BTSelector.h">
      <Filter>Component\BeHavior\Root\Composite\CompositeNode</Filter>
    </ClInclude>
    <ClInclude Include="..\public\BTSecqunce.h">
      <Filter>Component\BeHavior\Root\Composite\CompositeNode</Filter>
    </ClInclude>
    <ClInclude Include="..\public\ComBeHavior.h">
      <Filter>Component\BeHavior</Filter>
    </ClInclude>
    <ClInclude Include="..\public\BTRoot.h">
      <Filter>Component\BeHavior\Root</Filter>
    </ClInclude>
    <ClInclude Include="..\Public\BTComposite.h">
      <Filter>Component\BeHavior\Root\Composite</Filter>
    </ClInclude>
    <ClInclude Include="..\Public\BTActionNode.h">
      <Filter>Component\BeHavior\Root\Composite\CompositeNode\ActionNode</Filter>
    </ClInclude>
    <ClInclude Include="..\Public\ShaderManager.h">
      <Filter>ShaderManager</Filter>
    </ClInclude>
    <ClInclude Include="..\Public\UITex.h">
      <Filter>GameObject\UI\TexUI</Filter>
    </ClInclude>
    <ClInclude Include="..\Public\ComModelInstance.h">
      <Filter>Component\Model\ComModelInstance</Filter>
    </ClInclude>
    <ClInclude Include="..\Public\ComAnimator.h">
      <Filter>Component\Model\ComAnimator</Filter>
    </ClInclude>
    <ClInclude Include="..\Public\ComAnimMontage.h">
      <Filter>Component\Model\ComAnimMontage</Filter>
    </ClInclude>
    <ClInclude Include="..\Public\AnimEdit_Manager.h">
      <Filter>AnimationEditor</Filter>
    </ClInclude>
    <ClInclude Include="..\public\NodeEditor.h">
      <Filter>Component\BeHavior\NodeEditor</Filter>
    </ClInclude>
    <ClInclude Include="..\Public\LightManager.h">
      <Filter>GameObject\Light\LightManager</Filter>
    </ClInclude>
    <ClInclude Include="..\Public\Light.h">
      <Filter>GameObject\Light\Light</Filter>
    </ClInclude>
    <ClInclude Include="..\Public\ResModelMesh.h">
      <Filter>Resource\Model\Mesh</Filter>
    </ClInclude>
    <ClInclude Include="..\Public\ResModelMaterial.h">
      <Filter>Resource\Model\Material</Filter>
    </ClInclude>
    <ClInclude Include="..\Public\ResModelBone.h">
      <Filter>Resource\Model\Bone</Filter>
    </ClInclude>
    <ClInclude Include="..\Public\ResModelAnim.h">
      <Filter>Resource\Model\Animation</Filter>
    </ClInclude>
    <ClInclude Include="..\Public\ResModelChanel.h">
      <Filter>Resource\Model\Animation\Chanel</Filter>
    </ClInclude>
    <ClInclude Include="..\Public\ResStaticModelMesh.h">
      <Filter>Resource\Model\StaticMesh</Filter>
    </ClInclude>
    <ClInclude Include="..\Public\ResStaticModel.h">
      <Filter>Resource\Model</Filter>
    </ClInclude>
    <ClInclude Include="..\Public\ComStaticModelInstance.h">
      <Filter>Component\Model\ComStaticModelInstance</Filter>
    </ClInclude>
    <ClInclude Include="..\public\MyGFSDK_SSAO.h">
      <Filter>Renderer\MyGFSDK_SSAO</Filter>
    </ClInclude>
    <ClInclude Include="..\public\PhysXManager.h">
      <Filter>PhysX\Manager</Filter>
    </ClInclude>
    <ClInclude Include="..\Public\Engine_PhysxDefines.h">
      <Filter>99.Defines</Filter>
    </ClInclude>
    <ClInclude Include="..\public\DbgLineRender.h">
      <Filter>DbgLineRender</Filter>
    </ClInclude>
    <ClInclude Include="..\Public\IPhysicsListener.h">
      <Filter>PhysX</Filter>
    </ClInclude>
    <ClInclude Include="..\public\PhysxManagerListener.h">
      <Filter>PhysX\Manager\Listeners</Filter>
    </ClInclude>
    <ClInclude Include="..\public\ComPxCollider.h">
      <Filter>Component\PhysX\Collider</Filter>
    </ClInclude>
    <ClInclude Include="..\public\ComPxRigidBody.h">
      <Filter>Component\PhysX\RigidBody</Filter>
    </ClInclude>
    <ClInclude Include="..\public\ComPxBoxCollider.h">
      <Filter>Component\PhysX\Collider\Box</Filter>
    </ClInclude>
    <ClInclude Include="..\public\ComPxSphereCollider.h">
      <Filter>Component\PhysX\Collider\Sphere</Filter>
    </ClInclude>
    <ClInclude Include="..\public\ComPxCapsuleCollider.h">
      <Filter>Component\PhysX\Collider\Capsule</Filter>
    </ClInclude>
    <ClInclude Include="..\public\ComPxTriMeshCollider.h">
      <Filter>Component\PhysX\Collider\TriMesh</Filter>
    </ClInclude>
    <ClInclude Include="..\Public\IPhysicsSync.h">
      <Filter>PhysX</Filter>
    </ClInclude>
    <ClInclude Include="..\public\ResPhysXMaterial.h">
      <Filter>Resource\PhysX\Material</Filter>
    </ClInclude>
    <ClInclude Include="..\public\ResPhysXGeometry.h">
      <Filter>Resource\PhysX\Geometry</Filter>
    </ClInclude>
    <ClInclude Include="..\public\ResPhysXBoxGeometry.h">
      <Filter>Resource\PhysX\Geometry\Box</Filter>
    </ClInclude>
    <ClInclude Include="..\public\ResPhysXSphereGeometry.h">
      <Filter>Resource\PhysX\Geometry\Sphere</Filter>
    </ClInclude>
    <ClInclude Include="..\public\ResPhysXTriMeshGeometry.h">
      <Filter>Resource\PhysX\Geometry\TriMesh</Filter>
    </ClInclude>
    <ClInclude Include="..\public\ResPhysXCapsuleGeometry.h">
      <Filter>Resource\PhysX\Geometry\Capsule</Filter>
    </ClInclude>
    <ClInclude Include="..\Public\MapMeshObject.h">
      <Filter>GameObject\MapMeshObject</Filter>
    </ClInclude>
    <ClInclude Include="..\Public\MapManager.h">
      <Filter>GameObject\Manager</Filter>
    </ClInclude>
    <ClInclude Include="..\Public\DebugDraw.h">
      <Filter>DebugDraw</Filter>
    </ClInclude>
    <ClInclude Include="..\public\Particle_CPU.h">
      <Filter>Particle</Filter>
    </ClInclude>
    <ClInclude Include="..\public\Particle_GPU.h">
      <Filter>Particle</Filter>
    </ClInclude>
    <ClInclude Include="..\Public\Particle.h">
      <Filter>Particle</Filter>
    </ClInclude>
    <ClInclude Include="..\public\Beam_CPU.h">
      <Filter>Particle\Beam</Filter>
    </ClInclude>
    <ClInclude Include="..\Public\CreatureEditor.h">
      <Filter>CreatureEditor</Filter>
    </ClInclude>
    <ClInclude Include="..\public\Action_Manager.h">
      <Filter>Component\BeHavior\Manager</Filter>
    </ClInclude>
    <ClInclude Include="..\public\Trail_CPU.h">
      <Filter>Particle\Trail</Filter>
    </ClInclude>
    <ClInclude Include="..\public\BTDecorator.h">
      <Filter>Component\BeHavior\Root\Composite\CompositeNode\Decorator</Filter>
    </ClInclude>
    <ClInclude Include="..\Public\Engine_Json_Util.h">
      <Filter>99.Defines</Filter>
    </ClInclude>
    <ClInclude Include="..\Public\OctreeNode.h">
      <Filter>GameObject\Manager\Octree</Filter>
    </ClInclude>
    <ClInclude Include="..\public\ParticlePattern.h">
      <Filter>Particle\Patterns</Filter>
    </ClInclude>
    <ClInclude Include="..\public\FlipbookUI.h">
      <Filter>GameObject\UI\FlipBook</Filter>
    </ClInclude>
    <ClInclude Include="..\public\TextUI.h">
      <Filter>GameObject\UI\TextUI</Filter>
    </ClInclude>
    <ClInclude Include="..\Public\Engine_EnumString.h">
      <Filter>99.Defines</Filter>
    </ClInclude>
    <ClInclude Include="..\Public\NavMeshManager.h">
      <Filter>NavMesh</Filter>
    </ClInclude>
    <ClInclude Include="..\Public\ISerializable.h">
      <Filter>Serialize</Filter>
    </ClInclude>
    <ClInclude Include="..\Public\SerializerInterface.h">
      <Filter>Serialize\Serializer</Filter>
    </ClInclude>
    <ClInclude Include="..\public\JsonSerializer.h">
      <Filter>Serialize\Serializer\Json</Filter>
    </ClInclude>
    <ClInclude Include="..\public\BinSerializer.h">
      <Filter>Serialize\Serializer\Bin</Filter>
    </ClInclude>
    <ClInclude Include="..\public\JsonDeSerializer.h">
      <Filter>Serialize\Serializer\Json</Filter>
    </ClInclude>
    <ClInclude Include="..\public\BinDeSerializer.h">
      <Filter>Serialize\Serializer\Bin</Filter>
    </ClInclude>
    <ClInclude Include="..\public\SerializeManager.h">
      <Filter>Serialize\Manager</Filter>
    </ClInclude>
    <ClInclude Include="..\public\ObjectFactory.h">
      <Filter>Serialize\Factory</Filter>
    </ClInclude>
    <ClInclude Include="..\Public\SerDeTestCase.h">
      <Filter>Serialize\TestCase</Filter>
    </ClInclude>
    <ClInclude Include="..\public\LuaManager.h">
      <Filter>Lua</Filter>
    </ClInclude>
    <ClInclude Include="..\public\ResLua.h">
      <Filter>Resource\Lua</Filter>
    </ClInclude>
    <ClInclude Include="..\public\ResLuaScript.h">
      <Filter>Resource\Lua\Script</Filter>
    </ClInclude>
    <ClInclude Include="..\public\ComLuaScript.h">
      <Filter>Component\Lua</Filter>
    </ClInclude>
    <ClInclude Include="..\public\LuaWatcher.h">
      <Filter>Lua\Watcher</Filter>
    </ClInclude>
    <ClInclude Include="..\Public\UIComponent.h">
      <Filter>Component\UI</Filter>
    </ClInclude>
    <ClInclude Include="..\Public\ButtonComponent.h">
      <Filter>Component\UI\MouseComponent</Filter>
    </ClInclude>
    <ClInclude Include="..\Public\TweenComponent.h">
      <Filter>Component\Tween</Filter>
    </ClInclude>
    <ClInclude Include="..\Public\ILuaScriptRelodable.h">
      <Filter>Lua</Filter>
    </ClInclude>
  </ItemGroup>
  <ItemGroup>
    <ClCompile Include="pch.cpp">
      <Filter>98.Default</Filter>
    </ClCompile>
    <ClCompile Include="..\private\GameInstance.cpp">
      <Filter>GameInstance</Filter>
    </ClCompile>
    <ClCompile Include="..\Private\Timer.cpp">
      <Filter>Time</Filter>
    </ClCompile>
    <ClCompile Include="..\Private\TimeProvider.cpp">
      <Filter>Time</Filter>
    </ClCompile>
    <ClCompile Include="..\Private\BaseApp.cpp">
      <Filter>BaseApp</Filter>
    </ClCompile>
    <ClCompile Include="..\Private\Level.cpp">
      <Filter>Level</Filter>
    </ClCompile>
    <ClCompile Include="..\Private\LevelManager.cpp">
      <Filter>Level</Filter>
    </ClCompile>
    <ClCompile Include="..\Private\ImguiManager.cpp">
      <Filter>ImGui</Filter>
    </ClCompile>
    <ClCompile Include="..\..\ThirdParty\ImGuizmo-1.83\GraphEditor.cpp">
      <Filter>ImGui\imguizmo</Filter>
    </ClCompile>
    <ClCompile Include="..\..\ThirdParty\ImGuizmo-1.83\ImCurveEdit.cpp">
      <Filter>ImGui\imguizmo</Filter>
    </ClCompile>
    <ClCompile Include="..\..\ThirdParty\ImGuizmo-1.83\ImGradient.cpp">
      <Filter>ImGui\imguizmo</Filter>
    </ClCompile>
    <ClCompile Include="..\..\ThirdParty\ImGuizmo-1.83\ImGuizmo.cpp">
      <Filter>ImGui\imguizmo</Filter>
    </ClCompile>
    <ClCompile Include="..\..\ThirdParty\ImGuizmo-1.83\ImSequencer.cpp">
      <Filter>ImGui\imguizmo</Filter>
    </ClCompile>
    <ClCompile Include="..\Private\DInputManager.cpp">
      <Filter>Device\Input</Filter>
    </ClCompile>
    <ClCompile Include="..\Private\GraphicDevice.cpp">
      <Filter>Device\Graphic</Filter>
    </ClCompile>
    <ClCompile Include="..\Private\Resource.cpp">
      <Filter>Resource</Filter>
    </ClCompile>
    <ClCompile Include="..\Private\ResDynamicTexture2D.cpp">
      <Filter>Resource\Texture</Filter>
    </ClCompile>
    <ClCompile Include="..\Private\ResFmodSound.cpp">
      <Filter>Resource\FmodSound</Filter>
    </ClCompile>
    <ClCompile Include="..\Private\ResFont.cpp">
      <Filter>Resource\Font</Filter>
    </ClCompile>
    <ClCompile Include="..\Private\ResFontCustom.cpp">
      <Filter>Resource\Font</Filter>
    </ClCompile>
    <ClCompile Include="..\Private\ResJson.cpp">
      <Filter>Resource\Json</Filter>
    </ClCompile>
    <ClCompile Include="..\Private\ResOffscreenTexture.cpp">
      <Filter>Resource\Texture</Filter>
    </ClCompile>
    <ClCompile Include="..\Private\ResourceManager.cpp">
      <Filter>Resource\Manager</Filter>
    </ClCompile>
    <ClCompile Include="..\Private\ResShader.cpp">
      <Filter>Resource\Shader</Filter>
    </ClCompile>
    <ClCompile Include="..\Private\ResTexture.cpp">
      <Filter>Resource\Texture</Filter>
    </ClCompile>
    <ClCompile Include="..\Private\ResTexture2D.cpp">
      <Filter>Resource\Texture</Filter>
    </ClCompile>
    <ClCompile Include="..\Private\ResTexture2DArray.cpp">
      <Filter>Resource\Texture</Filter>
    </ClCompile>
    <ClCompile Include="..\Private\ResTextureCubeMap.cpp">
      <Filter>Resource\Texture</Filter>
    </ClCompile>
    <ClCompile Include="..\Private\ResViewPort.cpp">
      <Filter>Resource\ViewPort</Filter>
    </ClCompile>
    <ClCompile Include="..\Private\ResCBuffer.cpp">
      <Filter>Resource\Buffer\ConstBuffer</Filter>
    </ClCompile>
    <ClCompile Include="..\Private\ResVIBuffer.cpp">
      <Filter>Resource\Buffer\VIBuffer</Filter>
    </ClCompile>
    <ClCompile Include="..\Private\ResBlendState.cpp">
      <Filter>Resource\State\Blend</Filter>
    </ClCompile>
    <ClCompile Include="..\Private\ResDepthStencilState.cpp">
      <Filter>Resource\State\DepthStencil</Filter>
    </ClCompile>
    <ClCompile Include="..\Private\ResRasterizerState.cpp">
      <Filter>Resource\State\Rasterizer</Filter>
    </ClCompile>
    <ClCompile Include="..\Private\ResSamplerState.cpp">
      <Filter>Resource\State\Sampler</Filter>
    </ClCompile>
    <ClCompile Include="..\Private\ResComputeShader.cpp">
      <Filter>Resource\Shader\Compute</Filter>
    </ClCompile>
    <ClCompile Include="..\Private\ResGeometryShader.cpp">
      <Filter>Resource\Shader\Geometry</Filter>
    </ClCompile>
    <ClCompile Include="..\Private\ResPixelShader.cpp">
      <Filter>Resource\Shader\Pixel</Filter>
    </ClCompile>
    <ClCompile Include="..\Private\ResGeoShaderStreamOut.cpp">
      <Filter>Resource\Shader\GeometryStreamOut</Filter>
    </ClCompile>
    <ClCompile Include="..\Private\ResTessDomainShader.cpp">
      <Filter>Resource\Shader\TessDomain</Filter>
    </ClCompile>
    <ClCompile Include="..\Private\ResTessHullShader.cpp">
      <Filter>Resource\Shader\TessHull</Filter>
    </ClCompile>
    <ClCompile Include="..\Private\ResVertexShader.cpp">
      <Filter>Resource\Shader\Vertex</Filter>
    </ClCompile>
    <ClCompile Include="..\Private\ResDynamicBuffer.cpp">
      <Filter>Resource\Buffer\DynamicBuffer</Filter>
    </ClCompile>
    <ClCompile Include="..\Private\ResDynamicVIBuffer.cpp">
      <Filter>Resource\Buffer\VIBuffer\DynamicVIBuffer</Filter>
    </ClCompile>
    <ClCompile Include="..\Private\ResQuadBuffer.cpp">
      <Filter>Resource\Buffer\VIBuffer\Quad</Filter>
    </ClCompile>
    <ClCompile Include="..\Private\ResQuadColBuffer.cpp">
      <Filter>Resource\Buffer\VIBuffer\Quad</Filter>
    </ClCompile>
    <ClCompile Include="..\Private\ResQuadFullscreenTexBuffer.cpp">
      <Filter>Resource\Buffer\VIBuffer\Quad</Filter>
    </ClCompile>
    <ClCompile Include="..\Private\ResQuadTexBuffer.cpp">
      <Filter>Resource\Buffer\VIBuffer\Quad</Filter>
    </ClCompile>
    <ClCompile Include="..\Private\ResCubeBuffer.cpp">
      <Filter>Resource\Buffer\VIBuffer\Cube</Filter>
    </ClCompile>
    <ClCompile Include="..\Private\ResCubeColBuffer.cpp">
      <Filter>Resource\Buffer\VIBuffer\Cube</Filter>
    </ClCompile>
    <ClCompile Include="..\Private\SoundManager.cpp">
      <Filter>Sound</Filter>
    </ClCompile>
    <ClCompile Include="..\Private\FontManager.cpp">
      <Filter>Font</Filter>
    </ClCompile>
    <ClCompile Include="..\Private\WorkerManager.cpp">
      <Filter>Worker</Filter>
    </ClCompile>
    <ClCompile Include="..\Private\Prototype.cpp">
      <Filter>Prototype</Filter>
    </ClCompile>
    <ClCompile Include="..\Private\PrototypeManager.cpp">
      <Filter>Prototype</Filter>
    </ClCompile>
    <ClCompile Include="..\Private\Component.cpp">
      <Filter>Component</Filter>
    </ClCompile>
    <ClCompile Include="..\Private\ComTransform.cpp">
      <Filter>Component\Transform</Filter>
    </ClCompile>
    <ClCompile Include="..\Private\ComCollider.cpp">
      <Filter>Component\Collider</Filter>
    </ClCompile>
    <ClCompile Include="..\Private\ComConstantBuffer.cpp">
      <Filter>Component\ConstantBuffer</Filter>
    </ClCompile>
    <ClCompile Include="..\Private\GameObject.cpp">
      <Filter>GameObject</Filter>
    </ClCompile>
    <ClCompile Include="..\Private\Collider.cpp">
      <Filter>Collider</Filter>
    </ClCompile>
    <ClCompile Include="..\Private\CollBox.cpp">
      <Filter>Collider\Box</Filter>
    </ClCompile>
    <ClCompile Include="..\Private\CollFrustum.cpp">
      <Filter>Collider\Frustum</Filter>
    </ClCompile>
    <ClCompile Include="..\Private\ColliderManager.cpp">
      <Filter>Collider\Manager</Filter>
    </ClCompile>
    <ClCompile Include="..\Private\CollOrientedBox.cpp">
      <Filter>Collider\OrientedBox</Filter>
    </ClCompile>
    <ClCompile Include="..\Private\CollSphere.cpp">
      <Filter>Collider\Sphere</Filter>
    </ClCompile>
    <ClCompile Include="..\Private\GameObjectManager.cpp">
      <Filter>GameObject\Manager</Filter>
    </ClCompile>
    <ClCompile Include="..\Private\CameraObject.cpp">
      <Filter>GameObject\Camera</Filter>
    </ClCompile>
    <ClCompile Include="..\Private\CameraManager.cpp">
      <Filter>GameObject\Camera\Manager</Filter>
    </ClCompile>
    <ClCompile Include="..\Private\UIObject.cpp">
      <Filter>GameObject\UI</Filter>
    </ClCompile>
    <ClCompile Include="..\Private\FlyCamera.cpp">
      <Filter>GameObject\Camera\FlyCamera</Filter>
    </ClCompile>
    <ClCompile Include="..\Private\Renderer.cpp">
      <Filter>Renderer</Filter>
    </ClCompile>
    <ClCompile Include="..\Private\UICamera.cpp">
      <Filter>GameObject\Camera\UICamera</Filter>
    </ClCompile>
    <ClCompile Include="..\private\ParticleManager.cpp">
      <Filter>Particle\Manager</Filter>
    </ClCompile>
    <ClCompile Include="..\private\ResStructuredBuffer.cpp">
      <Filter>Resource\Buffer\StructuredBuffer</Filter>
    </ClCompile>
    <ClCompile Include="..\Private\ResModel.cpp">
      <Filter>Resource\Model</Filter>
    </ClCompile>
    <ClCompile Include="..\Private\ShaderManager.cpp">
      <Filter>ShaderManager</Filter>
    </ClCompile>
    <ClCompile Include="..\..\ThirdParty\tracy-0.13.1\public\TracyClient.cpp">
      <Filter>Tracy</Filter>
    </ClCompile>
    <ClCompile Include="..\Private\ComAnimator.cpp">
      <Filter>Component\Model\ComAnimator</Filter>
    </ClCompile>
    <ClCompile Include="..\Private\ComAnimMontage.cpp">
      <Filter>Component\Model\ComAnimMontage</Filter>
    </ClCompile>
    <ClCompile Include="..\Private\AnimEdit_Manager.cpp">
      <Filter>AnimationEditor</Filter>
    </ClCompile>
    <ClCompile Include="..\..\ThirdParty\imgui-node-editor-0.9.3\crude_json.cpp">
      <Filter>ImGui\imguiNode</Filter>
    </ClCompile>
    <ClCompile Include="..\..\ThirdParty\imgui-node-editor-0.9.3\imgui_canvas.cpp">
      <Filter>ImGui\imguiNode</Filter>
    </ClCompile>
    <ClCompile Include="..\..\ThirdParty\imgui-node-editor-0.9.3\imgui_node_editor.cpp">
      <Filter>ImGui\imguiNode</Filter>
    </ClCompile>
    <ClCompile Include="..\..\ThirdParty\imgui-node-editor-0.9.3\imgui_node_editor_api.cpp">
      <Filter>ImGui\imguiNode</Filter>
    </ClCompile>
    <ClCompile Include="..\..\ThirdParty\imgui-1.83\imgui_impl_dx11.cpp">
      <Filter>ImGui\imgui</Filter>
    </ClCompile>
    <ClCompile Include="..\..\ThirdParty\imgui-1.83\imgui_impl_win32.cpp">
      <Filter>ImGui\imgui</Filter>
    </ClCompile>
    <ClCompile Include="..\..\ThirdParty\imgui-1.83\imgui_tables.cpp">
      <Filter>ImGui\imgui</Filter>
    </ClCompile>
    <ClCompile Include="..\..\ThirdParty\imgui-1.83\imgui_widgets.cpp">
      <Filter>ImGui\imgui</Filter>
    </ClCompile>
    <ClCompile Include="..\..\ThirdParty\imgui-1.83\imgui_demo.cpp">
      <Filter>ImGui\imgui</Filter>
    </ClCompile>
    <ClCompile Include="..\..\ThirdParty\imgui-1.83\imgui_draw.cpp">
      <Filter>ImGui\imgui</Filter>
    </ClCompile>
    <ClCompile Include="..\..\ThirdParty\imgui-1.83\imgui.cpp">
      <Filter>ImGui\imgui</Filter>
    </ClCompile>
    <ClCompile Include="..\Private\LightManager.cpp">
      <Filter>GameObject\Light\LightManager</Filter>
    </ClCompile>
    <ClCompile Include="..\Private\Light.cpp">
      <Filter>GameObject\Light\Light</Filter>
    </ClCompile>
    <ClCompile Include="..\Private\ComModelInstance.cpp">
      <Filter>Component\Model\ComModelInstance</Filter>
    </ClCompile>
    <ClCompile Include="..\Private\NodeEditor.cpp">
      <Filter>Component\BeHavior\NodeEditor</Filter>
    </ClCompile>
    <ClCompile Include="..\Private\ResModelMesh.cpp">
      <Filter>Resource\Model\Mesh</Filter>
    </ClCompile>
    <ClCompile Include="..\Private\ResModelMaterial.cpp">
      <Filter>Resource\Model\Material</Filter>
    </ClCompile>
    <ClCompile Include="..\Private\ResModelBone.cpp">
      <Filter>Resource\Model\Bone</Filter>
    </ClCompile>
    <ClCompile Include="..\Private\ResModelAnim.cpp">
      <Filter>Resource\Model\Animation</Filter>
    </ClCompile>
    <ClCompile Include="..\Private\ResModelChanel.cpp">
      <Filter>Resource\Model\Animation\Chanel</Filter>
    </ClCompile>
    <ClCompile Include="..\Private\ResStaticModelMesh.cpp">
      <Filter>Resource\Model\StaticMesh</Filter>
    </ClCompile>
    <ClCompile Include="..\Private\ResStaticModel.cpp">
      <Filter>Resource\Model</Filter>
    </ClCompile>
    <ClCompile Include="..\Private\ComStaticModelInstance.cpp">
      <Filter>Component\Model\ComStaticModelInstance</Filter>
    </ClCompile>
    <ClCompile Include="..\private\MyGFSDK_SSAO.cpp">
      <Filter>Renderer\MyGFSDK_SSAO</Filter>
    </ClCompile>
    <ClCompile Include="..\Private\MapMeshObject.cpp">
      <Filter>GameObject\MapMeshObject</Filter>
    </ClCompile>
    <ClCompile Include="..\Private\MapManager.cpp">
      <Filter>GameObject\Manager</Filter>
    </ClCompile>
    <ClCompile Include="..\Private\DebugDraw.cpp">
      <Filter>DebugDraw</Filter>
    </ClCompile>
    <ClCompile Include="..\private\Particle_CPU.cpp">
      <Filter>Particle</Filter>
    </ClCompile>
    <ClCompile Include="..\private\Particle_GPU.cpp">
      <Filter>Particle</Filter>
    </ClCompile>
    <ClCompile Include="..\Private\Particle.cpp">
      <Filter>Particle</Filter>
    </ClCompile>
    <ClCompile Include="..\private\Beam_CPU.cpp">
      <Filter>Particle\Beam</Filter>
    </ClCompile>
    <ClCompile Include="..\Private\CreatureEditor.cpp">
      <Filter>CreatureEditor</Filter>
    </ClCompile>
    <ClCompile Include="..\private\Action_Manager.cpp">
      <Filter>Component\BeHavior\Manager</Filter>
    </ClCompile>
    <ClCompile Include="..\Private\OctreeNode.cpp">
      <Filter>GameObject\Manager\Octree</Filter>
    </ClCompile>
    <ClCompile Include="..\private\Trail_CPU.cpp">
      <Filter>Particle\Trail</Filter>
    </ClCompile>
    <ClCompile Include="..\Private\OctreeNode.cpp">
      <Filter>GameObject\Manager\Octree</Filter>
    </ClCompile>
    <ClCompile Include="..\private\PhysXManager.cpp">
      <Filter>PhysX\Manager</Filter>
    </ClCompile>
    <ClCompile Include="..\private\DbgLineRender.cpp">
      <Filter>DbgLineRender</Filter>
    </ClCompile>
    <ClCompile Include="..\private\PhysxManagerListener.cpp">
      <Filter>PhysX\Manager\Listeners</Filter>
    </ClCompile>
    <ClCompile Include="..\private\ComPxCollider.cpp">
      <Filter>Component\PhysX\Collider</Filter>
    </ClCompile>
    <ClCompile Include="..\private\ComPxRigidBody.cpp">
      <Filter>Component\PhysX\RigidBody</Filter>
    </ClCompile>
    <ClCompile Include="..\private\ComPxBoxCollider.cpp">
      <Filter>Component\PhysX\Collider\Box</Filter>
    </ClCompile>
    <ClCompile Include="..\private\ComPxSphereCollider.cpp">
      <Filter>Component\PhysX\Collider\Sphere</Filter>
    </ClCompile>
    <ClCompile Include="..\private\ComPxCapsuleCollider.cpp">
      <Filter>Component\PhysX\Collider\Capsule</Filter>
    </ClCompile>
    <ClCompile Include="..\private\ComPxTriMeshCollider.cpp">
      <Filter>Component\PhysX\Collider\TriMesh</Filter>
    </ClCompile>
    <ClCompile Include="..\private\ResPhysXMaterial.cpp">
      <Filter>Resource\PhysX\Material</Filter>
    </ClCompile>
    <ClCompile Include="..\private\ResPhysXGeometry.cpp">
      <Filter>Resource\PhysX\Geometry</Filter>
    </ClCompile>
    <ClCompile Include="..\private\ResPhysXBoxGeometry.cpp">
      <Filter>Resource\PhysX\Geometry\Box</Filter>
    </ClCompile>
    <ClCompile Include="..\private\ResPhysXSphereGeometry.cpp">
      <Filter>Resource\PhysX\Geometry\Sphere</Filter>
    </ClCompile>
    <ClCompile Include="..\private\ResPhysXTriMeshGeometry.cpp">
      <Filter>Resource\PhysX\Geometry\TriMesh</Filter>
    </ClCompile>
    <ClCompile Include="..\private\ResPhysXCapsuleGeometry.cpp">
      <Filter>Resource\PhysX\Geometry\Capsule</Filter>
    </ClCompile>
    <ClCompile Include="..\Private\UITex.cpp">
      <Filter>GameObject\UI\TexUI</Filter>
    </ClCompile>
    <ClCompile Include="..\private\BTDecorator.cpp">
      <Filter>Component\BeHavior\Root\Composite\CompositeNode\Decorator</Filter>
    </ClCompile>
    <ClCompile Include="..\private\ParticlePattern.cpp">
      <Filter>Particle\Patterns</Filter>
    </ClCompile>
    <ClCompile Include="..\private\FlipbookUI.cpp">
      <Filter>GameObject\UI\FlipBook</Filter>
    </ClCompile>
    <ClCompile Include="..\private\TextUI.cpp">
      <Filter>GameObject\UI\TextUI</Filter>
    </ClCompile>
    <ClCompile Include="..\Private\NavMeshManager.cpp">
      <Filter>NavMesh</Filter>
    </ClCompile>
    <ClCompile Include="..\private\JsonSerializer.cpp">
      <Filter>Serialize\Serializer\Json</Filter>
    </ClCompile>
    <ClCompile Include="..\private\BinSerializer.cpp">
      <Filter>Serialize\Serializer\Bin</Filter>
    </ClCompile>
    <ClCompile Include="..\private\JsonDeSerializer.cpp">
      <Filter>Serialize\Serializer\Json</Filter>
    </ClCompile>
    <ClCompile Include="..\private\BinDeSerializer.cpp">
      <Filter>Serialize\Serializer\Bin</Filter>
    </ClCompile>
    <ClCompile Include="..\private\SerializeManager.cpp">
      <Filter>Serialize\Manager</Filter>
    </ClCompile>
    <ClCompile Include="..\private\ObjectFactory.cpp">
      <Filter>Serialize\Factory</Filter>
    </ClCompile>
    <ClCompile Include="..\private\LuaManager.cpp">
      <Filter>Lua</Filter>
    </ClCompile>
    <ClCompile Include="..\private\ResLua.cpp">
      <Filter>Resource\Lua</Filter>
    </ClCompile>
    <ClCompile Include="..\private\ResLuaScript.cpp">
      <Filter>Resource\Lua\Script</Filter>
    </ClCompile>
    <ClCompile Include="..\private\ComLuaScript.cpp">
      <Filter>Component\Lua</Filter>
    </ClCompile>
    <ClCompile Include="..\private\LuaWatcher.cpp">
      <Filter>Lua\Watcher</Filter>
    </ClCompile>
    <ClCompile Include="..\Private\UIComponent.cpp">
      <Filter>Component\UI</Filter>
    </ClCompile>
    <ClCompile Include="..\Private\ButtonComponent.cpp">
      <Filter>Component\UI\MouseComponent</Filter>
    </ClCompile>
    <ClCompile Include="..\Private\TweenComponent.cpp">
      <Filter>Component\Tween</Filter>
    </ClCompile>
  </ItemGroup>
  <ItemGroup>
    <ClCompile Include="..\private\BTSecqunce.cpp">
      <Filter>Component\BeHavior\Root\Composite\CompositeNode</Filter>
    </ClCompile>
    <ClCompile Include="..\private\BTSelector.cpp">
      <Filter>Component\BeHavior\Root\Composite\CompositeNode</Filter>
    </ClCompile>
    <ClCompile Include="..\private\ComBeHavior.cpp">
      <Filter>Component\BeHavior</Filter>
    </ClCompile>
    <ClCompile Include="..\private\BTRoot.cpp">
      <Filter>Component\BeHavior\Root</Filter>
    </ClCompile>
    <ClCompile Include="..\Private\BTComposite.cpp">
      <Filter>Component\BeHavior\Root\Composite</Filter>
    </ClCompile>
    <ClCompile Include="..\Private\BTActionNode.cpp">
      <Filter>Component\BeHavior\Root\Composite\CompositeNode\ActionNode</Filter>
    </ClCompile>
  </ItemGroup>
  <ItemGroup>
    <FxCompile Include="..\ShaderFiles\ShaderDefines.hlsl">
      <Filter>ShaderFiles</Filter>
    </FxCompile>
    <FxCompile Include="..\ShaderFiles\Shader_Deferred_Combined_Offscreen.hlsl">
      <Filter>ShaderFiles</Filter>
    </FxCompile>
    <FxCompile Include="..\ShaderFiles\FullscreenQuad\FullscreenQuad.hlsl">
      <Filter>ShaderFiles</Filter>
    </FxCompile>
    <FxCompile Include="..\ShaderFiles\PBR\VS_PBR.hlsl">
      <Filter>ShaderFiles\PBR</Filter>
    </FxCompile>
    <FxCompile Include="..\ShaderFiles\PBR\PS_PBR.hlsl">
      <Filter>ShaderFiles\PBR</Filter>
    </FxCompile>
    <FxCompile Include="..\ShaderFiles\ShaderDefines.hlsl">
      <Filter>ShaderFiles\ShaderHeader</Filter>
    </FxCompile>
    <FxCompile Include="..\ShaderFiles\PostProcess\PS_PostProcess_Filter.hlsl">
      <Filter>ShaderFiles\PostProcess</Filter>
    </FxCompile>
    <FxCompile Include="..\ShaderFiles\Deferred Rendering\VS_Deferred.hlsl">
      <Filter>ShaderFiles\DeferredRendering</Filter>
    </FxCompile>
    <FxCompile Include="..\ShaderFiles\TestModel\Shader_VtxMesh_Instanced.hlsl">
      <Filter>ShaderFiles\TestModel</Filter>
    </FxCompile>
    <FxCompile Include="..\ShaderFiles\TestModel\Shader_VtxAnimMesh.hlsl">
      <Filter>ShaderFiles\TestModel</Filter>
    </FxCompile>
    <FxCompile Include="..\ShaderFiles\Deferred Rendering\PS_Deferred.hlsl">
      <Filter>ShaderFiles\DeferredRendering</Filter>
    </FxCompile>
    <FxCompile Include="..\ShaderFiles\QuadTex\QuadTex.hlsl">
      <Filter>ShaderFiles</Filter>
    </FxCompile>
    <FxCompile Include="..\ShaderFiles\Particle\Shader_Particle_Compute.hlsl">
      <Filter>ShaderFiles</Filter>
    </FxCompile>
    <FxCompile Include="..\ShaderFiles\Particle\Shader_Particle_Spawn_Compute.hlsl">
      <Filter>ShaderFiles</Filter>
    </FxCompile>
    <FxCompile Include="..\ShaderFiles\Particle\Shader_CS_Init.hlsl">
      <Filter>ShaderFiles</Filter>
    </FxCompile>
    <FxCompile Include="..\ShaderFiles\DbgLineRender\DbgLineRender.hlsl">
      <Filter>ShaderFiles</Filter>
    </FxCompile>
    <FxCompile Include="..\ShaderFiles\UI\QuadTexFlipBook.hlsl">
      <Filter>ShaderFiles</Filter>
    </FxCompile>
    <FxCompile Include="..\ShaderFiles\QuadTex\QuadTex.hlsl">
      <Filter>ShaderFiles</Filter>
    </FxCompile>
    <FxCompile Include="..\ShaderFiles\UI\QuadTexUI.hlsl">
      <Filter>ShaderFiles</Filter>
    </FxCompile>
    <FxCompile Include="..\ShaderFiles\TestModel\Shader_VtxMesh_NonInstanced.hlsl">
      <Filter>ShaderFiles\TestModel</Filter>
    </FxCompile>
    <FxCompile Include="..\ShaderFiles\PostProcess\PS_PostProcess_Bloom.hlsl">
      <Filter>ShaderFiles\PostProcess</Filter>
    </FxCompile>
    <FxCompile Include="..\ShaderFiles\RayMarching\CS_RayMarching.hlsl">
      <Filter>ShaderFiles\RayMarching</Filter>
    </FxCompile>
  </ItemGroup>
  <ItemGroup>
    <None Include="..\ShaderFiles\ShaderHeader\SH_CommonFunction.hlsli">
      <Filter>ShaderFiles\ShaderHeader</Filter>
    </None>
    <None Include="..\LuaFiles\Test.lua">
      <Filter>LuaFiles</Filter>
    </None>
    <None Include="..\LuaFiles\SomeFolder\Hi.lua">
      <Filter>LuaFiles\SomeFolder</Filter>
    </None>
  </ItemGroup>
</Project>