<?xml version="1.0" encoding="utf-8"?>
<Project ToolsVersion="4.0" xmlns="http://schemas.microsoft.com/developer/msbuild/2003">
  <ItemGroup>
    <Filter Include="99.Defines">
      <UniqueIdentifier>{7bb5154b-9988-40b7-91dc-793004b40264}</UniqueIdentifier>
    </Filter>
    <Filter Include="98.Default">
      <UniqueIdentifier>{b43894ad-9760-4713-8a91-8ce190eeda11}</UniqueIdentifier>
    </Filter>
    <Filter Include="MainApp">
      <UniqueIdentifier>{b554c0b2-8d51-4d48-bfd3-8407458b89e8}</UniqueIdentifier>
    </Filter>
    <Filter Include="Level">
      <UniqueIdentifier>{60b944a5-1f0b-4b64-bcf3-732ba1f035ef}</UniqueIdentifier>
    </Filter>
    <Filter Include="Level\Loading">
      <UniqueIdentifier>{d02df41b-99b4-43ce-81be-321f11ac2463}</UniqueIdentifier>
    </Filter>
    <Filter Include="Level\Logo">
      <UniqueIdentifier>{02f89ff0-6cf8-47dd-a54a-513b936720da}</UniqueIdentifier>
    </Filter>
    <Filter Include="GameObject">
      <UniqueIdentifier>{681ddb32-814e-4ec7-b4bc-8a9bd6be4c8e}</UniqueIdentifier>
    </Filter>
    <Filter Include="GameObject\BackGround">
      <UniqueIdentifier>{15eddfb1-d987-49ac-82be-bfbf83665119}</UniqueIdentifier>
    </Filter>
    <Filter Include="Loader">
      <UniqueIdentifier>{d2e546e7-0ff2-4c81-95f1-3544ce454ba0}</UniqueIdentifier>
    </Filter>
    <Filter Include="Loader\MainApp">
      <UniqueIdentifier>{63ff0f8a-3fda-49d1-8c0a-f4dd543b8b5c}</UniqueIdentifier>
    </Filter>
    <Filter Include="Loader\Level">
      <UniqueIdentifier>{33a60ce7-2ce6-4ab6-a142-d5a88bbd9dda}</UniqueIdentifier>
    </Filter>
    <Filter Include="Loader\Level\Logo">
      <UniqueIdentifier>{7e9f7d17-14d6-4c04-adaf-777151b4c6b4}</UniqueIdentifier>
    </Filter>
    <Filter Include="ShaderFiles">
      <UniqueIdentifier>{6bd28087-0add-401b-9153-94d4f64a07f1}</UniqueIdentifier>
    </Filter>
    <Filter Include="Resources">
      <UniqueIdentifier>{ea673d2d-2797-484e-8c21-2bc2a74e811d}</UniqueIdentifier>
    </Filter>
    <Filter Include="Level\CharlesRookwood">
      <UniqueIdentifier>{7facda9e-60d6-4cfe-b47c-0708369e1fd0}</UniqueIdentifier>
    </Filter>
    <Filter Include="Loader\Level\CharlesRookwood">
      <UniqueIdentifier>{1d100ce6-9a11-43e7-95c8-4e2e46e144f9}</UniqueIdentifier>
    </Filter>
    <Filter Include="Level\BossCharlesRookwood">
      <UniqueIdentifier>{37b08c28-9d3d-4f84-af81-2cd8f61ac26c}</UniqueIdentifier>
    </Filter>
    <Filter Include="Loader\Level\BossCharlesRookwood">
      <UniqueIdentifier>{135bdbd6-2572-49c2-9ed7-a4bfc53cfd5c}</UniqueIdentifier>
    </Filter>
    <Filter Include="Level\HogwartWorld">
      <UniqueIdentifier>{c50fcdfd-c5a3-461f-b18b-14cdd0c9ba77}</UniqueIdentifier>
    </Filter>
    <Filter Include="Loader\Level\HogwartWorld">
      <UniqueIdentifier>{d1dc4bfa-494a-4672-8455-dc79591979fb}</UniqueIdentifier>
    </Filter>
    <Filter Include="GameObject\DebugPlayer">
      <UniqueIdentifier>{18bf3c9f-aaf9-4b4c-8f7d-28b960f8e56a}</UniqueIdentifier>
    </Filter>
    <Filter Include="GameObject\Player">
      <UniqueIdentifier>{0da9ac46-8ea4-464b-b315-14e07602156b}</UniqueIdentifier>
    </Filter>
    <Filter Include="GameObject\Terrain\RagdollTest">
      <UniqueIdentifier>{575385ef-b304-4d49-8f19-86b890c8e7b1}</UniqueIdentifier>
    </Filter>
    <Filter Include="GameObject\Terrain\PathPlaybackTest">
      <UniqueIdentifier>{706c2a62-aaf1-4b39-99c1-91cd9a965278}</UniqueIdentifier>
    </Filter>
    <Filter Include="GameObject\Terrain\LuaTest">
      <UniqueIdentifier>{b7a52fda-7da4-45d9-9d0d-f609bf057819}</UniqueIdentifier>
    </Filter>
    <Filter Include="GameObject\Terrain\NvClothCape">
      <UniqueIdentifier>{458c9c2b-bf7b-41e0-9b51-876506f76f81}</UniqueIdentifier>
    </Filter>
    <Filter Include="GameObject\Player\Camera">
      <UniqueIdentifier>{55124923-21d1-43da-b832-baff07fdefc6}</UniqueIdentifier>
    </Filter>
    <Filter Include="GameObject\Player\StateMachine">
      <UniqueIdentifier>{0c382f62-6f66-469f-a311-7b79bb8775d1}</UniqueIdentifier>
    </Filter>
    <Filter Include="GameObject\Player\StateMachine\State">
      <UniqueIdentifier>{d9117423-2851-4ff2-8aa0-f96c1b8f260a}</UniqueIdentifier>
    </Filter>
    <Filter Include="GameObject\Player\StateMachine\State\Player_Locomotion_State">
      <UniqueIdentifier>{232233f9-be49-49ae-b9af-884605ffdcad}</UniqueIdentifier>
    </Filter>
    <Filter Include="GameObject\Player\StateMachine\State\Player_Roll_State">
      <UniqueIdentifier>{9a4caa44-f46e-447a-8a58-58c13ec27b7d}</UniqueIdentifier>
    </Filter>
    <Filter Include="GameObject\Player\StateMachine\State\Player_Jump_State">
      <UniqueIdentifier>{b59d7a74-342c-40ce-9e58-85ae8e0d40cc}</UniqueIdentifier>
    </Filter>
    <Filter Include="GameObject\Player\StateMachine\State\Player_Attack_State">
      <UniqueIdentifier>{19c50015-27fd-476c-a744-f9e9afe51770}</UniqueIdentifier>
    </Filter>
    <Filter Include="GameObject\Player\Player_Weapon">
      <UniqueIdentifier>{74741dba-6811-472f-847e-f939b6540671}</UniqueIdentifier>
    </Filter>
    <Filter Include="GameObject\Player\StateMachine\State\Player_SkillStateBase">
      <UniqueIdentifier>{330acd8e-220a-49fc-bda2-22cbe84370eb}</UniqueIdentifier>
    </Filter>
    <Filter Include="GameObject\CharlesRookwood">
      <UniqueIdentifier>{01ef8f57-61c2-45c7-a0f1-db9fb3e8d9a4}</UniqueIdentifier>
    </Filter>
    <Filter Include="GameObject\CharlesRookwood\Trigger">
      <UniqueIdentifier>{83e632ef-a5bb-4406-876d-0a8b177adbdf}</UniqueIdentifier>
    </Filter>
    <Filter Include="GameObject\CharlesRookwood\MyMagicSquareStep">
      <UniqueIdentifier>{ac16d04c-4937-40fe-a72e-ce43e2401ba5}</UniqueIdentifier>
    </Filter>
    <Filter Include="GameObject\CharlesRookwood\Trigger\Step1">
      <UniqueIdentifier>{3887515f-08e3-4aee-9787-367ff6c2b400}</UniqueIdentifier>
    </Filter>
    <Filter Include="GameObject\CharlesRookwood\Trigger\Step2">
      <UniqueIdentifier>{ea370966-7ab1-4b96-849e-2b7e5c04f2cb}</UniqueIdentifier>
    </Filter>
    <Filter Include="GameObject\CharlesRookwood\Trigger\Step3">
      <UniqueIdentifier>{ddb7f984-1332-476f-8159-5f0a142db46b}</UniqueIdentifier>
    </Filter>
    <Filter Include="GameObject\CharlesRookwood\Trigger\Step4">
      <UniqueIdentifier>{68f98105-b08b-43a5-a54f-ff1fb4a7d32a}</UniqueIdentifier>
    </Filter>
    <Filter Include="GameObject\CharlesRookwood\Trigger\Bridge">
      <UniqueIdentifier>{915cb353-6ce1-460d-88b3-a07ec24c1005}</UniqueIdentifier>
    </Filter>
    <Filter Include="GameObject\AI">
      <UniqueIdentifier>{7f27c2a0-0347-42cb-bd94-0642b1cd0643}</UniqueIdentifier>
    </Filter>
    <Filter Include="GameObject\Monster">
      <UniqueIdentifier>{168fd55f-37d9-4a25-ac51-3ed41d6e6e92}</UniqueIdentifier>
    </Filter>
    <Filter Include="GameObject\AI\Action">
      <UniqueIdentifier>{80c3829e-8c2f-4612-a5b6-0233a52f27d3}</UniqueIdentifier>
    </Filter>
    <Filter Include="GameObject\AI\Decorator">
      <UniqueIdentifier>{ba0122b0-64db-491b-836f-a56b3b9bfe22}</UniqueIdentifier>
    </Filter>
    <Filter Include="GameObject\AI\AnimRoot">
      <UniqueIdentifier>{ab746481-684a-4a1e-9656-3918f260c268}</UniqueIdentifier>
    </Filter>
    <Filter Include="GameObject\AI\AnimRoot\Anim">
      <UniqueIdentifier>{beb0d131-70a6-43c7-ba82-70ca1fb45d49}</UniqueIdentifier>
    </Filter>
    <Filter Include="GameObject\AI\Flow">
      <UniqueIdentifier>{b26f59e3-d32a-4155-b0a6-67acaff44883}</UniqueIdentifier>
    </Filter>
    <Filter Include="GameObject\Monster\TombBoss">
      <UniqueIdentifier>{8c471caf-2621-4d93-aded-6f6b54375710}</UniqueIdentifier>
    </Filter>
    <Filter Include="GameObject\Monster\TombGudian">
      <UniqueIdentifier>{e0c79833-3d61-4619-8e40-fa8174e4f5b8}</UniqueIdentifier>
    </Filter>
    <Filter Include="GameObject\Monster\TombGudian\Dead">
      <UniqueIdentifier>{bf656eec-4774-4600-97ef-cbeeca6ac8ad}</UniqueIdentifier>
    </Filter>
    <Filter Include="GameObject\CharlesRookwood\Trigger\ToBoss">
      <UniqueIdentifier>{de2d2dca-6570-4861-a10e-fd1190d456fe}</UniqueIdentifier>
    </Filter>
    <Filter Include="Level\Terrain">
      <UniqueIdentifier>{3fdb6a6f-4a3b-4dcd-a427-23d997396184}</UniqueIdentifier>
    </Filter>
    <Filter Include="Loader\Level\Terrain">
      <UniqueIdentifier>{92f95264-506b-47ea-a584-f48e1d691bb5}</UniqueIdentifier>
    </Filter>
    <Filter Include="Level\UIEditor">
      <UniqueIdentifier>{b377960a-c4f6-48a8-83fd-a3fdb9bb8213}</UniqueIdentifier>
    </Filter>
    <Filter Include="Loader\Level\UIEditor">
      <UniqueIdentifier>{b94e8845-2a15-4b9d-869d-7866fb4f5a41}</UniqueIdentifier>
    </Filter>
    <Filter Include="GameObject\Terrain">
      <UniqueIdentifier>{84ffd718-2e24-44f4-bdb5-089cd24097d1}</UniqueIdentifier>
    </Filter>
    <Filter Include="Resources\Buffer">
      <UniqueIdentifier>{65ccac47-5a61-40df-b3b4-e36892ba3ae2}</UniqueIdentifier>
    </Filter>
    <Filter Include="GameObject\Terrain\Terrain">
      <UniqueIdentifier>{5aba49d7-cbec-45df-b167-3f75f15ce2d2}</UniqueIdentifier>
    </Filter>
    <Filter Include="GameObject\Terrain\OilBarrel">
      <UniqueIdentifier>{67dea227-ae71-4a01-9d85-b263e2638e22}</UniqueIdentifier>
    </Filter>
    <Filter Include="GameObject\Player\StateMachine\State\Player_SkillStateBase\Player_DashSkill_State">
      <UniqueIdentifier>{11e3cf66-d2a5-4428-9b71-48aa0954b883}</UniqueIdentifier>
    </Filter>
    <Filter Include="GameObject\Player\StateMachine\State\Player_SkillStateBase\Player_AcientAttack_State">
      <UniqueIdentifier>{113ba92c-ee4c-4633-a05d-1bd05e0d0412}</UniqueIdentifier>
    </Filter>
    <Filter Include="GameObject\Player\StateMachine\State\Player_SkillStateBase\Player_AccioSkill_State">
      <UniqueIdentifier>{7fd33e7b-d892-4472-8efd-9203f175af69}</UniqueIdentifier>
    </Filter>
    <Filter Include="GameObject\Player\StateMachine\State\Player_SkillStateBase\Player_DepulsoSkill_State">
      <UniqueIdentifier>{01e89d2b-fc0c-4cb6-9514-7970ddfc1929}</UniqueIdentifier>
    </Filter>
    <Filter Include="GameObject\Player\StateMachine\State\Player_SkillStateBase\Player_RevelioSkill_State">
      <UniqueIdentifier>{6207f242-1cbc-4fa1-ab93-c358c2d2a589}</UniqueIdentifier>
    </Filter>
    <Filter Include="GameObject\Player\StateMachine\State\Player_SkillStateBase\Player_DescendoSkill_State">
      <UniqueIdentifier>{57c915ba-5887-48a0-b19f-15e26e1f248e}</UniqueIdentifier>
    </Filter>
    <Filter Include="ShaderFiles\Particle">
      <UniqueIdentifier>{c8302cb1-ec93-46b9-9ae9-21747c2503fe}</UniqueIdentifier>
    </Filter>
    <Filter Include="GameObject\UI">
      <UniqueIdentifier>{f607c9fe-6680-482f-9189-0dd92dc847f0}</UniqueIdentifier>
    </Filter>
    <Filter Include="GameObject\UI\Button">
      <UniqueIdentifier>{5c367fde-5dc0-4626-975a-b6b15c8d512e}</UniqueIdentifier>
    </Filter>
    <Filter Include="GameObject\UI\Flipbook">
      <UniqueIdentifier>{e1f1b2af-e70a-4de4-8bad-5531710ee7ca}</UniqueIdentifier>
    </Filter>
    <Filter Include="GameObject\UI\9Slice">
      <UniqueIdentifier>{7f21d46f-891f-4b3e-b453-edd3976ce981}</UniqueIdentifier>
    </Filter>
    <Filter Include="GameObject\UI\MiniMap">
      <UniqueIdentifier>{9cd2c8cf-17e2-4d71-9a61-d20e5353a908}</UniqueIdentifier>
    </Filter>
    <Filter Include="GameObject\UI\SpellMeter">
      <UniqueIdentifier>{a44a4511-01fb-4672-abee-cd54393d2aad}</UniqueIdentifier>
    </Filter>
    <Filter Include="GameObject\UI\TextBox">
      <UniqueIdentifier>{b4e8dae4-3619-472f-b4cc-0aa1b38118d3}</UniqueIdentifier>
    </Filter>
    <Filter Include="GameObject\UI\TextureUI">
      <UniqueIdentifier>{1e823375-f801-48f0-a1ae-bf810be571bd}</UniqueIdentifier>
    </Filter>
    <Filter Include="GameObject\UI\UIController">
      <UniqueIdentifier>{ad932d66-53a4-4e0e-b0b6-9443c44cbcd5}</UniqueIdentifier>
    </Filter>
    <Filter Include="GameObject\Player\Player_Magic_Bullet">
      <UniqueIdentifier>{15e1e341-898d-42a9-b6c0-d22c4c66ba61}</UniqueIdentifier>
    </Filter>
    <Filter Include="GameObject\Player\StateMachine\State\Player_Hit_State">
      <UniqueIdentifier>{d0adaf33-4a64-494f-9581-a01e2aa4035f}</UniqueIdentifier>
    </Filter>
    <Filter Include="GameObject\Monster\Effect">
      <UniqueIdentifier>{1d4dcef1-d0db-4ee2-99d1-8e63dd2b61d9}</UniqueIdentifier>
    </Filter>
    <Filter Include="GameObject\UI\GameOverMask">
      <UniqueIdentifier>{86f6ad92-4688-42ea-863a-d4cee5d1f8a4}</UniqueIdentifier>
    </Filter>
    <Filter Include="GameObject\UI\VideoObject">
      <UniqueIdentifier>{9be42490-276b-4619-ba51-b6f8a15dd4a1}</UniqueIdentifier>
    </Filter>
    <Filter Include="GameObject\UI\Cursor">
      <UniqueIdentifier>{b2f47277-f943-4e7b-819d-1514d88bd25c}</UniqueIdentifier>
    </Filter>
    <Filter Include="GameObject\CharlesRookwood\Trigger\SpawnMonster1">
      <UniqueIdentifier>{9bc9d2c2-c9d6-4247-b19b-95a2be7623bd}</UniqueIdentifier>
    </Filter>
    <Filter Include="GameObject\Player\StateMachine\State\Player_SkillStateBase\Player_RepairoSkill_State">
      <UniqueIdentifier>{f7968aef-760d-4af7-825c-ed68c788241f}</UniqueIdentifier>
    </Filter>
    <Filter Include="ShaderFiles\SkyBox">
      <UniqueIdentifier>{aa5df208-f22d-4fb8-9138-caea9933ba4c}</UniqueIdentifier>
    </Filter>
    <Filter Include="GameObject\SkyBox">
      <UniqueIdentifier>{dcc79b65-c72c-402f-b79c-9a171f399c82}</UniqueIdentifier>
    </Filter>
    <Filter Include="GameObject\Monster\00.Parents">
      <UniqueIdentifier>{abad3cbf-f984-44ce-8798-0e9150fa9f2b}</UniqueIdentifier>
    </Filter>
    <Filter Include="GameObject\Player\Player_RagdollController">
      <UniqueIdentifier>{7f570a9d-bd7f-4bf3-9da7-61d49c14c612}</UniqueIdentifier>
    </Filter>
    <Filter Include="GameObject\Monster\TombBoss\SYChild">
      <UniqueIdentifier>{a9756926-9808-484b-aed0-22a449e37832}</UniqueIdentifier>
    </Filter>
    <Filter Include="Level\LastBossRanrok">
      <UniqueIdentifier>{02fca344-c4f9-4612-b8c9-fac4439f00cb}</UniqueIdentifier>
    </Filter>
    <Filter Include="Loader\Level\LastBossRanrok">
      <UniqueIdentifier>{91d97e03-822f-4333-9bfb-6cb915a67e5b}</UniqueIdentifier>
    </Filter>
    <Filter Include="GameObject\CharlesRookwood\Bridge">
      <UniqueIdentifier>{451893ab-e6f2-4e4c-8948-178bfb126954}</UniqueIdentifier>
    </Filter>
    <Filter Include="GameObject\Monster\EnderDragon">
      <UniqueIdentifier>{600f040f-9e9a-4f6f-ad98-590516d55cd1}</UniqueIdentifier>
    </Filter>
    <Filter Include="GameObject\Monster\EnderDragon\FSM">
      <UniqueIdentifier>{70da8e1f-c9e1-4fbd-bcf0-6b5cad85c79e}</UniqueIdentifier>
    </Filter>
    <Filter Include="GameObject\Monster\EnderDragon\FSM\State">
      <UniqueIdentifier>{c01c1934-1247-4acc-8613-950c785e6805}</UniqueIdentifier>
    </Filter>
    <Filter Include="GameObject\AI\Decorator\Dragon">
      <UniqueIdentifier>{211f61c0-ef20-4e26-b195-ead9ea88c9da}</UniqueIdentifier>
    </Filter>
    <Filter Include="GameObject\AI\Decorator\Public">
      <UniqueIdentifier>{533992f1-81b5-4cd3-81f5-8c4f69e0d391}</UniqueIdentifier>
    </Filter>
    <Filter Include="GameObject\AI\BlackBoard">
      <UniqueIdentifier>{92fa7c53-71ef-4ea5-aac9-d3f2c157335d}</UniqueIdentifier>
    </Filter>
    <Filter Include="GameObject\AI\Action\Dragon">
      <UniqueIdentifier>{e39345c4-32e3-4026-9d39-6e428062c414}</UniqueIdentifier>
    </Filter>
    <Filter Include="GameObject\UI\LuaFiles">
      <UniqueIdentifier>{b4064650-231e-4716-9e83-871a50b3ff8f}</UniqueIdentifier>
    </Filter>
    <Filter Include="GameObject\Player\StateMachine\State\Player_Fly_State">
      <UniqueIdentifier>{b78cf1cd-d217-4ee5-8a93-12d9a37ed1e6}</UniqueIdentifier>
    </Filter>
    <Filter Include="GameObject\Monster\EnderDragon\Skill">
      <UniqueIdentifier>{60b180f7-c143-4768-868b-6ffdb32625dd}</UniqueIdentifier>
    </Filter>
    <Filter Include="GameObject\Monster\EnderDragon\Skill\FireBall">
      <UniqueIdentifier>{50a07458-33d1-4dc5-8875-84dba5aa3208}</UniqueIdentifier>
    </Filter>
    <Filter Include="GameObject\Monster\EnderDragon\Skill\Bress">
      <UniqueIdentifier>{15ad6ff0-923c-4093-a6c9-78ea3f0340ef}</UniqueIdentifier>
    </Filter>
    <Filter Include="GameObject\Monster\EnderDragon\Skill\Pulse">
      <UniqueIdentifier>{09992e54-522b-43d3-906d-2a40796d13e4}</UniqueIdentifier>
    </Filter>
  </ItemGroup>
  <ItemGroup>
    <ClInclude Include="Client.h">
      <Filter>98.Default</Filter>
    </ClInclude>
    <ClInclude Include="framework.h">
      <Filter>98.Default</Filter>
    </ClInclude>
    <ClInclude Include="Resource.h">
      <Filter>98.Default</Filter>
    </ClInclude>
    <ClInclude Include="targetver.h">
      <Filter>98.Default</Filter>
    </ClInclude>
    <ClInclude Include="pch.h">
      <Filter>98.Default</Filter>
    </ClInclude>
    <ClInclude Include="..\Public\Client_Defines.h">
      <Filter>99.Defines</Filter>
    </ClInclude>
    <ClInclude Include="..\Public\Level_Defines.h">
      <Filter>99.Defines</Filter>
    </ClInclude>
    <ClInclude Include="..\Public\MainApp.h">
      <Filter>MainApp</Filter>
    </ClInclude>
    <ClInclude Include="..\Public\CinematicEditor.h">
      <Filter>MainApp</Filter>
    </ClInclude>
    <ClInclude Include="..\Public\LevelLoading.h">
      <Filter>Level\Loading</Filter>
    </ClInclude>
    <ClInclude Include="..\Public\LevelLogo.h">
      <Filter>Level\Logo</Filter>
    </ClInclude>
    <ClInclude Include="..\Public\BackGround.h">
      <Filter>GameObject\BackGround</Filter>
    </ClInclude>
    <ClInclude Include="..\public\LevelLogoLoader.h">
      <Filter>Loader\Level\Logo</Filter>
    </ClInclude>
    <ClInclude Include="..\public\MainAppLoader.h">
      <Filter>Loader\MainApp</Filter>
    </ClInclude>
    <ClInclude Include="..\public\ClientLuaBindings.h">
      <Filter>MainApp</Filter>
    </ClInclude>
    <ClInclude Include="..\public\LevelCharlesRookwood.h">
      <Filter>Level\CharlesRookwood</Filter>
    </ClInclude>
    <ClInclude Include="..\public\LevelCharlesRookwoodLoader.h">
      <Filter>Loader\Level\CharlesRookwood</Filter>
    </ClInclude>
    <ClInclude Include="..\Public\Client_Resources.h">
      <Filter>Resources</Filter>
    </ClInclude>
    <ClInclude Include="..\public\LevelBossCharlesRookwood.h">
      <Filter>Level\BossCharlesRookwood</Filter>
    </ClInclude>
    <ClInclude Include="..\public\LevelBossCharlesRookwoodLoader.h">
      <Filter>Loader\Level\BossCharlesRookwood</Filter>
    </ClInclude>
    <ClInclude Include="..\public\LevelHogwartWorld.h">
      <Filter>Level\HogwartWorld</Filter>
    </ClInclude>
    <ClInclude Include="..\public\LevelHogwartWorldLoader.h">
      <Filter>Loader\Level\HogwartWorld</Filter>
    </ClInclude>
    <ClInclude Include="..\Public\Client_Function.h">
      <Filter>99.Defines</Filter>
    </ClInclude>
    <ClInclude Include="..\public\DebugPlayer.h">
      <Filter>GameObject\DebugPlayer</Filter>
    </ClInclude>
    <ClInclude Include="..\public\DebugPlayerThirdPersonCamera.h">
      <Filter>GameObject\DebugPlayer</Filter>
    </ClInclude>
    <ClInclude Include="..\Public\Player.h">
      <Filter>GameObject\Player</Filter>
    </ClInclude>
    <ClInclude Include="..\Public\PlayerThirdPersonCamera.h">
      <Filter>GameObject\Player\Camera</Filter>
    </ClInclude>
    <ClInclude Include="..\Public\PlayerAnimationRatioGuard.h">
      <Filter>GameObject\Player\StateMachine</Filter>
    </ClInclude>
    <ClInclude Include="..\Public\Player_StateMachine.h">
      <Filter>GameObject\Player\StateMachine</Filter>
    </ClInclude>
    <ClInclude Include="..\Public\Player_Locomotion_State.h">
      <Filter>GameObject\Player\StateMachine\State\Player_Locomotion_State</Filter>
    </ClInclude>
    <ClInclude Include="..\Public\Player_Roll_State.h">
      <Filter>GameObject\Player\StateMachine\State\Player_Roll_State</Filter>
    </ClInclude>
    <ClInclude Include="..\Public\Player_Jump_State.h">
      <Filter>GameObject\Player\StateMachine\State\Player_Jump_State</Filter>
    </ClInclude>
    <ClInclude Include="..\Public\Player_Attack_State.h">
      <Filter>GameObject\Player\StateMachine\State\Player_Attack_State</Filter>
    </ClInclude>
    <ClInclude Include="..\Public\Player_Weapon.h">
      <Filter>GameObject\Player\Player_Weapon</Filter>
    </ClInclude>
    <ClInclude Include="..\Public\Player_SkillStateBase.h">
      <Filter>GameObject\Player\StateMachine\State\Player_SkillStateBase</Filter>
    </ClInclude>
    <ClInclude Include="..\Public\BTAnimation.h">
      <Filter>GameObject\AI\AnimRoot\Anim</Filter>
    </ClInclude>
    <ClInclude Include="..\Public\BTAnimRoot.h">
      <Filter>GameObject\AI\AnimRoot</Filter>
    </ClInclude>
    <ClInclude Include="..\Public\BTAttackAnimation.h">
      <Filter>GameObject\AI\AnimRoot\Anim</Filter>
    </ClInclude>
    <ClInclude Include="..\Public\BTTurnSlow.h">
      <Filter>GameObject\AI\Action</Filter>
    </ClInclude>
    <ClInclude Include="..\Public\BTTeleport.h">
      <Filter>GameObject\AI\Action</Filter>
    </ClInclude>
    <ClInclude Include="..\Public\BTTurnDirect.h">
      <Filter>GameObject\AI\Action</Filter>
    </ClInclude>
    <ClInclude Include="..\Public\BTMove.h">
      <Filter>GameObject\AI\Action</Filter>
    </ClInclude>
    <ClInclude Include="..\Public\BTMonAttType.h">
      <Filter>GameObject\AI\Action</Filter>
    </ClInclude>
    <ClInclude Include="..\Public\BTHeader_Definse.h">
      <Filter>99.Defines</Filter>
    </ClInclude>
    <ClInclude Include="..\Public\BTHitAnimMonster.h">
      <Filter>GameObject\AI\AnimRoot\Anim</Filter>
    </ClInclude>
    <ClInclude Include="..\Public\BTRandMoveAnim.h">
      <Filter>GameObject\AI\AnimRoot\Anim</Filter>
    </ClInclude>
    <ClInclude Include="..\Public\BTOnlyTrue.h">
      <Filter>GameObject\AI\Flow</Filter>
    </ClInclude>
    <ClInclude Include="..\Public\BTCreatureFlag.h">
      <Filter>GameObject\AI\Flow</Filter>
    </ClInclude>
    <ClInclude Include="..\Public\BTOnlyFalse.h">
      <Filter>GameObject\AI\Flow</Filter>
    </ClInclude>
    <ClInclude Include="..\public\MyMagicSquareStep.h">
      <Filter>GameObject\CharlesRookwood\MyMagicSquareStep</Filter>
    </ClInclude>
    <ClInclude Include="..\public\MyMagicSquareStepController.h">
      <Filter>GameObject\CharlesRookwood\MyMagicSquareStep</Filter>
    </ClInclude>
    <ClInclude Include="..\Public\BridgeCRW.h">
      <Filter>GameObject\CharlesRookwood\Bridge</Filter>
    </ClInclude>
    <ClInclude Include="..\public\TriggerCRW_DeSpawnStep.h">
      <Filter>GameObject\CharlesRookwood\Trigger\Step1</Filter>
    </ClInclude>
    <ClInclude Include="..\public\TriggerCRW_StairStep.h">
      <Filter>GameObject\CharlesRookwood\Trigger\Step1</Filter>
    </ClInclude>
    <ClInclude Include="..\public\TriggerCRW_DeSpawnStep2.h">
      <Filter>GameObject\CharlesRookwood\Trigger\Step2</Filter>
    </ClInclude>
    <ClInclude Include="..\public\TriggerCRW_SpawnStep2.h">
      <Filter>GameObject\CharlesRookwood\Trigger\Step2</Filter>
    </ClInclude>
    <ClInclude Include="..\public\TriggerCRW_SpawnStep3.h">
      <Filter>GameObject\CharlesRookwood\Trigger\Step3</Filter>
    </ClInclude>
    <ClInclude Include="..\public\TriggerCRW_SpawnStep4.h">
      <Filter>GameObject\CharlesRookwood\Trigger\Step4</Filter>
    </ClInclude>
    <ClInclude Include="..\public\TriggerCRW_DeSpawnStep3.h">
      <Filter>GameObject\CharlesRookwood\Trigger\Step3</Filter>
    </ClInclude>
    <ClInclude Include="..\public\TriggerCRW_DeSpawnStep4.h">
      <Filter>GameObject\CharlesRookwood\Trigger\Step4</Filter>
    </ClInclude>
    <ClInclude Include="..\public\BossTMB.h">
      <Filter>GameObject\Monster\TombBoss</Filter>
    </ClInclude>
    <ClInclude Include="..\public\TmbGurdian.h">
      <Filter>GameObject\Monster\TombGudian</Filter>
    </ClInclude>
    <ClInclude Include="..\public\TmbGurdianDead.h">
      <Filter>GameObject\Monster\TombGudian\Dead</Filter>
    </ClInclude>
    <ClInclude Include="..\Public\TriggerCRW_SpawnStep.h">
      <Filter>GameObject\CharlesRookwood\Trigger\Step1</Filter>
    </ClInclude>
    <ClInclude Include="..\public\TriggerCRW_BridgeFix.h">
      <Filter>GameObject\CharlesRookwood\Trigger\Bridge</Filter>
    </ClInclude>
    <ClInclude Include="..\public\TriggerCRW_BridgeBring.h">
      <Filter>GameObject\CharlesRookwood\Trigger\Bridge</Filter>
    </ClInclude>
    <ClInclude Include="..\Public\Player_DashSkill_State.h">
      <Filter>GameObject\Player\StateMachine\State\Player_SkillStateBase\Player_DashSkill_State</Filter>
    </ClInclude>
    <ClInclude Include="..\public\TriggerCRW_ToBoss.h">
      <Filter>GameObject\CharlesRookwood\Trigger\ToBoss</Filter>
    </ClInclude>
    <ClInclude Include="..\public\LevelTerrain.h">
      <Filter>Level\Terrain</Filter>
    </ClInclude>
    <ClInclude Include="..\public\LevelTerrainLoader.h">
      <Filter>Loader\Level\Terrain</Filter>
    </ClInclude>
    <ClInclude Include="..\Public\LevelUIEditor.h">
      <Filter>Level\UIEditor</Filter>
    </ClInclude>
    <ClInclude Include="..\Public\LevelUIEditorLoader.h">
      <Filter>Loader\Level\UIEditor</Filter>
    </ClInclude>
    <ClInclude Include="..\public\ResTerrainVIBuffer.h">
      <Filter>Resources\Buffer</Filter>
    </ClInclude>
    <ClInclude Include="..\public\Terrain.h">
      <Filter>GameObject\Terrain\Terrain</Filter>
    </ClInclude>
    <ClInclude Include="..\public\OilBarrel.h">
      <Filter>GameObject\Terrain\OilBarrel</Filter>
    </ClInclude>
    <ClInclude Include="..\Public\Player_AcientAttack_State.h">
      <Filter>GameObject\Player\StateMachine\State\Player_SkillStateBase\Player_AcientAttack_State</Filter>
    </ClInclude>
    <ClInclude Include="..\Public\Player_AccioSkill_State.h">
      <Filter>GameObject\Player\StateMachine\State\Player_SkillStateBase\Player_AccioSkill_State</Filter>
    </ClInclude>
    <ClInclude Include="..\Public\Player_DepulsoSkill_State.h">
      <Filter>GameObject\Player\StateMachine\State\Player_SkillStateBase\Player_DepulsoSkill_State</Filter>
    </ClInclude>
    <ClInclude Include="..\Public\Player_RevelioSkill_State.h">
      <Filter>GameObject\Player\StateMachine\State\Player_SkillStateBase\Player_RevelioSkill_State</Filter>
    </ClInclude>
    <ClInclude Include="..\Public\Player_DescendoSkill_State.h">
      <Filter>GameObject\Player\StateMachine\State\Player_SkillStateBase\Player_DescendoSkill_State</Filter>
    </ClInclude>
    <ClInclude Include="..\Public\BTTurnAnimation.h">
      <Filter>GameObject\AI\AnimRoot\Anim</Filter>
    </ClInclude>
    <ClInclude Include="..\public\BTMonResetTable.h">
      <Filter>GameObject\AI\Action</Filter>
    </ClInclude>
    <ClInclude Include="..\public\RagdollTest.h">
      <Filter>GameObject\Terrain\RagdollTest</Filter>
    </ClInclude>
    <ClInclude Include="..\public\TestPathPlaybackObject.h">
      <Filter>GameObject\Terrain\PathPlaybackTest</Filter>
    </ClInclude>
    <ClInclude Include="..\public\LuaTestObject.h">
      <Filter>GameObject\Terrain\LuaTest</Filter>
    </ClInclude>
    <ClInclude Include="..\public\NvClothCape.h">
      <Filter>GameObject\Terrain\NvClothCape</Filter>
    </ClInclude>
    <ClInclude Include="..\Public\UI_Enums.h">
      <Filter>99.Defines</Filter>
    </ClInclude>
    <ClInclude Include="..\Public\UIManager.h">
      <Filter>GameObject\UI</Filter>
    </ClInclude>
    <ClInclude Include="..\Public\Button.h">
      <Filter>GameObject\UI\Button</Filter>
    </ClInclude>
    <ClInclude Include="..\Public\EffectUI.h">
      <Filter>GameObject\UI\Flipbook</Filter>
    </ClInclude>
    <ClInclude Include="..\Public\HPBar.h">
      <Filter>GameObject\UI\9Slice</Filter>
    </ClInclude>
    <ClInclude Include="..\Public\MiniMap.h">
      <Filter>GameObject\UI\MiniMap</Filter>
    </ClInclude>
    <ClInclude Include="..\Public\SpellMeter.h">
      <Filter>GameObject\UI\SpellMeter</Filter>
    </ClInclude>
    <ClInclude Include="..\Public\TextBox.h">
      <Filter>GameObject\UI\TextBox</Filter>
    </ClInclude>
    <ClInclude Include="..\Public\TextureUI.h">
      <Filter>GameObject\UI\TextureUI</Filter>
    </ClInclude>
    <ClInclude Include="..\Public\UIController.h">
      <Filter>GameObject\UI\UIController</Filter>
    </ClInclude>
    <ClInclude Include="..\Public\Player_Magic_Bullet.h">
      <Filter>GameObject\Player\Player_Magic_Bullet</Filter>
    </ClInclude>
    <ClInclude Include="..\Public\Player_Hit_State.h">
      <Filter>GameObject\Player\StateMachine\State\Player_Hit_State</Filter>
    </ClInclude>
    <ClInclude Include="..\public\MonEffectBall.h">
      <Filter>GameObject\Monster\Effect</Filter>
    </ClInclude>
    <ClInclude Include="..\public\TriggerCRW_SpawnMonster1.h">
      <Filter>GameObject\CharlesRookwood\Trigger\SpawnMonster1</Filter>
    </ClInclude>
    <ClInclude Include="..\Public\Player_RepairoSkill_State.h">
      <Filter>GameObject\Player\StateMachine\State\Player_SkillStateBase\Player_RepairoSkill_State</Filter>
    </ClInclude>
    <ClInclude Include="..\Public\StarBurst.h">
      <Filter>GameObject\Monster\TombBoss</Filter>
    </ClInclude>
    <ClInclude Include="..\Public\GameOverMask.h">
      <Filter>GameObject\UI\GameOverMask</Filter>
    </ClInclude>
    <ClInclude Include="..\Public\VideoObject.h">
      <Filter>GameObject\UI\VideoObject</Filter>
    </ClInclude>
    <ClInclude Include="..\Public\Cursor.h">
      <Filter>GameObject\UI\Cursor</Filter>
    </ClInclude>
    <ClInclude Include="..\Public\ClientEvents.h">
      <Filter>99.Defines</Filter>
    </ClInclude>
    <ClInclude Include="..\Public\SkyCloudyCube.h">
      <Filter>GameObject\SkyBox</Filter>
    </ClInclude>
    <ClInclude Include="..\Public\Monster.h">
      <Filter>GameObject\Monster\00.Parents</Filter>
    </ClInclude>
    <ClInclude Include="..\Public\Mon_Weapon.h">
      <Filter>GameObject\Monster\00.Parents</Filter>
    </ClInclude>
    <ClInclude Include="..\public\BossMace.h">
      <Filter>GameObject\Monster\TombBoss</Filter>
    </ClInclude>
    <ClInclude Include="..\public\GurdianWeapon.h">
      <Filter>GameObject\Monster\TombGudian</Filter>
    </ClInclude>
    <ClInclude Include="..\Public\StarBurst.h">
      <Filter>GameObject\Monster\Effect</Filter>
    </ClInclude>
    <ClInclude Include="..\Public\PlayerRagdollController.h">
      <Filter>GameObject\Player\Player_RagdollController</Filter>
    </ClInclude>
    <ClInclude Include="..\public\BTCinematic.h">
      <Filter>GameObject\AI\Action</Filter>
    </ClInclude>
    <ClInclude Include="..\Public\TombBossBullet.h">
      <Filter>GameObject\Monster\TombBoss\SYChild</Filter>
    </ClInclude>
    <ClInclude Include="..\public\EnderDragon.h">
      <Filter>GameObject\Monster\EnderDragon</Filter>
    </ClInclude>
    <ClInclude Include="..\public\EnderDragon_State.h">
      <Filter>GameObject\Monster\EnderDragon\FSM</Filter>
    </ClInclude>
    <ClInclude Include="..\public\Edg_Spawn.h">
      <Filter>GameObject\Monster\EnderDragon\FSM\State</Filter>
    </ClInclude>
    <ClInclude Include="..\public\Edg_Combat.h">
      <Filter>GameObject\Monster\EnderDragon\FSM\State</Filter>
    </ClInclude>
    <ClInclude Include="..\Public\BTDecFlag.h">
      <Filter>GameObject\AI\Decorator\Public</Filter>
    </ClInclude>
    <ClInclude Include="..\Public\BTDecHitCnt.h">
      <Filter>GameObject\AI\Decorator\Public</Filter>
    </ClInclude>
    <ClInclude Include="..\Public\BTDecHp.h">
      <Filter>GameObject\AI\Decorator\Public</Filter>
    </ClInclude>
    <ClInclude Include="..\Public\BTDecInvert.h">
      <Filter>GameObject\AI\Decorator\Public</Filter>
    </ClInclude>
    <ClInclude Include="..\public\BTDecIsGround.h">
      <Filter>GameObject\AI\Decorator\Public</Filter>
    </ClInclude>
    <ClInclude Include="..\public\BTDecIsPending.h">
      <Filter>GameObject\AI\Decorator\Public</Filter>
    </ClInclude>
    <ClInclude Include="..\Public\BTDecLier.h">
      <Filter>GameObject\AI\Decorator\Public</Filter>
    </ClInclude>
    <ClInclude Include="..\Public\BTDecSearch.h">
      <Filter>GameObject\AI\Decorator\Public</Filter>
    </ClInclude>
    <ClInclude Include="..\Public\BTDecTimer.h">
      <Filter>GameObject\AI\Decorator\Public</Filter>
    </ClInclude>
    <ClInclude Include="..\public\BTDecEdgState.h">
      <Filter>GameObject\AI\Decorator\Dragon</Filter>
    </ClInclude>
    <ClInclude Include="..\Public\BlackBoardKey.h">
      <Filter>GameObject\AI\BlackBoard</Filter>
    </ClInclude>
    <ClInclude Include="..\public\BTEdgStateFinished.h">
      <Filter>GameObject\AI\Action\Dragon</Filter>
    </ClInclude>
    <ClInclude Include="..\public\Edg_Hit.h">
      <Filter>GameObject\Monster\EnderDragon\FSM\State</Filter>
    </ClInclude>
    <ClInclude Include="..\public\BTDecEdgPhase.h">
      <Filter>GameObject\AI\Decorator\Dragon</Filter>
    </ClInclude>
    <ClInclude Include="..\public\Edg_Phase.h">
      <Filter>GameObject\Monster\EnderDragon\FSM\State</Filter>
    </ClInclude>
    <ClInclude Include="..\public\BTDecEdgPatroll.h">
      <Filter>GameObject\AI\Decorator\Dragon</Filter>
    </ClInclude>
    <ClInclude Include="..\public\LevelLastBossRanrok.h">
      <Filter>Level\LastBossRanrok</Filter>
    </ClInclude>
    <ClInclude Include="..\public\LevelLastBossRanrokLoader.h">
      <Filter>Loader\Level\LastBossRanrok</Filter>
    </ClInclude>
    <ClInclude Include="..\Public\Player_Fly_State.h">
      <Filter>GameObject\Player\StateMachine\State\Player_Fly_State</Filter>
    </ClInclude>
    <ClInclude Include="..\public\DragonSkill.h">
      <Filter>GameObject\Monster\EnderDragon\Skill</Filter>
    </ClInclude>
    <ClInclude Include="..\public\EdgFireBall.h">
      <Filter>GameObject\Monster\EnderDragon\Skill\FireBall</Filter>
    </ClInclude>
    <ClInclude Include="..\public\EdgBreath.h">
      <Filter>GameObject\Monster\EnderDragon\Skill\Bress</Filter>
    </ClInclude>
    <ClInclude Include="..\Public\UI_Structs.h">
      <Filter>99.Defines</Filter>
    </ClInclude>
    <ClInclude Include="..\public\EdgPulse.h">
      <Filter>GameObject\Monster\EnderDragon\Skill\Pulse</Filter>
    </ClInclude>
  </ItemGroup>
  <ItemGroup>
    <Image Include="Client.ico">
      <Filter>98.Default</Filter>
    </Image>
    <Image Include="small.ico">
      <Filter>98.Default</Filter>
    </Image>
  </ItemGroup>
  <ItemGroup>
    <ResourceCompile Include="Client.rc">
      <Filter>98.Default</Filter>
    </ResourceCompile>
  </ItemGroup>
  <ItemGroup>
    <ClCompile Include="Client.cpp">
      <Filter>98.Default</Filter>
    </ClCompile>
    <ClCompile Include="pch.cpp">
      <Filter>98.Default</Filter>
    </ClCompile>
    <ClCompile Include="..\Private\MainApp.cpp">
      <Filter>MainApp</Filter>
    </ClCompile>
    <ClCompile Include="..\Private\CinematicEditor.cpp">
      <Filter>MainApp</Filter>
    </ClCompile>
    <ClCompile Include="..\Private\LevelLoading.cpp">
      <Filter>Level\Loading</Filter>
    </ClCompile>
    <ClCompile Include="..\Private\LevelLogo.cpp">
      <Filter>Level\Logo</Filter>
    </ClCompile>
    <ClCompile Include="..\Private\BackGround.cpp">
      <Filter>GameObject\BackGround</Filter>
    </ClCompile>
    <ClCompile Include="..\private\LevelLogoLoader.cpp">
      <Filter>Loader\Level\Logo</Filter>
    </ClCompile>
    <ClCompile Include="..\private\MainAppLoader.cpp">
      <Filter>Loader\MainApp</Filter>
    </ClCompile>
    <ClCompile Include="..\private\ClientLuaBindings.cpp">
      <Filter>MainApp</Filter>
    </ClCompile>
    <ClCompile Include="..\private\LevelCharlesRookwood.cpp">
      <Filter>Level\CharlesRookwood</Filter>
    </ClCompile>
    <ClCompile Include="..\private\LevelCharlesRookwoodLoader.cpp">
      <Filter>Loader\Level\CharlesRookwood</Filter>
    </ClCompile>
    <ClCompile Include="..\private\LevelBossCharlesRookwood.cpp">
      <Filter>Level\BossCharlesRookwood</Filter>
    </ClCompile>
    <ClCompile Include="..\private\LevelBossCharlesRookwoodLoader.cpp">
      <Filter>Loader\Level\BossCharlesRookwood</Filter>
    </ClCompile>
    <ClCompile Include="..\private\LevelHogwartWorld.cpp">
      <Filter>Level\HogwartWorld</Filter>
    </ClCompile>
    <ClCompile Include="..\private\LevelHogwartWorldLoader.cpp">
      <Filter>Loader\Level\HogwartWorld</Filter>
    </ClCompile>
    <ClCompile Include="..\private\DebugPlayer.cpp">
      <Filter>GameObject\DebugPlayer</Filter>
    </ClCompile>
    <ClCompile Include="..\private\DebugPlayerThirdPersonCamera.cpp">
      <Filter>GameObject\DebugPlayer</Filter>
    </ClCompile>
    <ClCompile Include="..\Private\PlayerThirdPersonCamera.cpp">
      <Filter>GameObject\Player\Camera</Filter>
    </ClCompile>
    <ClCompile Include="..\Private\Player_StateMachine.cpp">
      <Filter>GameObject\Player\StateMachine</Filter>
    </ClCompile>
    <ClCompile Include="..\Private\Player_Locomotion_State.cpp">
      <Filter>GameObject\Player\StateMachine\State\Player_Locomotion_State</Filter>
    </ClCompile>
    <ClCompile Include="..\Private\Player_Roll_State.cpp">
      <Filter>GameObject\Player\StateMachine\State\Player_Roll_State</Filter>
    </ClCompile>
    <ClCompile Include="..\Private\Player_Jump_State.cpp">
      <Filter>GameObject\Player\StateMachine\State\Player_Jump_State</Filter>
    </ClCompile>
    <ClCompile Include="..\Private\Player_Attack_State.cpp">
      <Filter>GameObject\Player\StateMachine\State\Player_Attack_State</Filter>
    </ClCompile>
    <ClCompile Include="..\Private\Player_Weapon.cpp">
      <Filter>GameObject\Player\Player_Weapon</Filter>
    </ClCompile>
    <ClCompile Include="..\Private\Player_SkillStateBase.cpp">
      <Filter>GameObject\Player\StateMachine\State\Player_SkillStateBase</Filter>
    </ClCompile>
    <ClCompile Include="..\Private\Monster.cpp">
      <Filter>GameObject\Monster</Filter>
    </ClCompile>
    <ClCompile Include="..\Private\BTAnimation.cpp">
      <Filter>GameObject\AI\AnimRoot\Anim</Filter>
    </ClCompile>
    <ClCompile Include="..\Private\BTAttackAnimation.cpp">
      <Filter>GameObject\AI\AnimRoot\Anim</Filter>
    </ClCompile>
    <ClCompile Include="..\Private\BTCreatureFlag.cpp">
      <Filter>GameObject\AI\Flow</Filter>
    </ClCompile>
    <ClCompile Include="..\Private\BTOnlyTrue.cpp">
      <Filter>GameObject\AI\Flow</Filter>
    </ClCompile>
    <ClCompile Include="..\Private\BTOnlyFalse.cpp">
      <Filter>GameObject\AI\Flow</Filter>
    </ClCompile>
    <ClCompile Include="..\Private\BTRandMoveAnim.cpp">
      <Filter>GameObject\AI\AnimRoot\Anim</Filter>
    </ClCompile>
    <ClCompile Include="..\Private\BTHitAnimMonster.cpp">
      <Filter>GameObject\AI\AnimRoot\Anim</Filter>
    </ClCompile>
    <ClCompile Include="..\Private\BTMonAttType.cpp">
      <Filter>GameObject\AI\Action</Filter>
    </ClCompile>
    <ClCompile Include="..\Private\BTMove.cpp">
      <Filter>GameObject\AI\Action</Filter>
    </ClCompile>
    <ClCompile Include="..\Private\BTTeleport.cpp">
      <Filter>GameObject\AI\Action</Filter>
    </ClCompile>
    <ClCompile Include="..\Private\BTTurnDirect.cpp">
      <Filter>GameObject\AI\Action</Filter>
    </ClCompile>
    <ClCompile Include="..\Private\BTAnimRoot.cpp">
      <Filter>GameObject\AI\AnimRoot</Filter>
    </ClCompile>
    <ClCompile Include="..\Private\BTTurnSlow.cpp">
      <Filter>GameObject\AI\Action</Filter>
    </ClCompile>
    <ClCompile Include="..\private\MyMagicSquareStep.cpp">
      <Filter>GameObject\CharlesRookwood\MyMagicSquareStep</Filter>
    </ClCompile>
    <ClCompile Include="..\private\MyMagicSquareStepController.cpp">
      <Filter>GameObject\CharlesRookwood\MyMagicSquareStep</Filter>
    </ClCompile>
    <ClCompile Include="..\Private\BridgeCRW.cpp">
      <Filter>GameObject\CharlesRookwood\Bridge</Filter>
    </ClCompile>
    <ClCompile Include="..\private\TriggerCRW_DeSpawnStep.cpp">
      <Filter>GameObject\CharlesRookwood\Trigger\Step1</Filter>
    </ClCompile>
    <ClCompile Include="..\private\TriggerCRW_StairStep.cpp">
      <Filter>GameObject\CharlesRookwood\Trigger\Step1</Filter>
    </ClCompile>
    <ClCompile Include="..\private\TriggerCRW_DeSpawnStep2.cpp">
      <Filter>GameObject\CharlesRookwood\Trigger\Step2</Filter>
    </ClCompile>
    <ClCompile Include="..\private\TriggerCRW_SpawnStep2.cpp">
      <Filter>GameObject\CharlesRookwood\Trigger\Step2</Filter>
    </ClCompile>
    <ClCompile Include="..\private\TriggerCRW_SpawnStep3.cpp">
      <Filter>GameObject\CharlesRookwood\Trigger\Step3</Filter>
    </ClCompile>
    <ClCompile Include="..\private\TriggerCRW_SpawnStep4.cpp">
      <Filter>GameObject\CharlesRookwood\Trigger\Step4</Filter>
    </ClCompile>
    <ClCompile Include="..\private\TriggerCRW_DeSpawnStep3.cpp">
      <Filter>GameObject\CharlesRookwood\Trigger\Step3</Filter>
    </ClCompile>
    <ClCompile Include="..\private\TriggerCRW_DeSpawnStep4.cpp">
      <Filter>GameObject\CharlesRookwood\Trigger\Step4</Filter>
    </ClCompile>
    <ClCompile Include="..\Private\TriggerCRW_SpawnStep.cpp">
      <Filter>GameObject\CharlesRookwood\Trigger\Step1</Filter>
    </ClCompile>
    <ClCompile Include="..\private\TriggerCRW_BridgeFix.cpp">
      <Filter>GameObject\CharlesRookwood\Trigger\Bridge</Filter>
    </ClCompile>
    <ClCompile Include="..\private\TriggerCRW_BridgeBring.cpp">
      <Filter>GameObject\CharlesRookwood\Trigger\Bridge</Filter>
    </ClCompile>
    <ClCompile Include="..\private\BossTMB.cpp">
      <Filter>GameObject\Monster\TombBoss</Filter>
    </ClCompile>
    <ClCompile Include="..\private\TmbGurdian.cpp">
      <Filter>GameObject\Monster\TombGudian</Filter>
    </ClCompile>
    <ClCompile Include="..\private\TmbGurdianDead.cpp">
      <Filter>GameObject\Monster\TombGudian\Dead</Filter>
    </ClCompile>
    <ClCompile Include="..\private\TriggerCRW_ToBoss.cpp">
      <Filter>GameObject\CharlesRookwood\Trigger\ToBoss</Filter>
    </ClCompile>
    <ClCompile Include="..\private\LevelTerrain.cpp">
      <Filter>Level\Terrain</Filter>
    </ClCompile>
    <ClCompile Include="..\private\LevelTerrainLoader.cpp">
      <Filter>Loader\Level\Terrain</Filter>
    </ClCompile>
    <ClCompile Include="..\Private\LevelUIEditor.cpp">
      <Filter>Level\UIEditor</Filter>
    </ClCompile>
    <ClCompile Include="..\Private\LevelUIEditorLoader.cpp">
      <Filter>Loader\Level\UIEditor</Filter>
    </ClCompile>
    <ClCompile Include="..\private\ResTerrainVIBuffer.cpp">
      <Filter>Resources\Buffer</Filter>
    </ClCompile>
    <ClCompile Include="..\private\Terrain.cpp">
      <Filter>GameObject\Terrain\Terrain</Filter>
    </ClCompile>
    <ClCompile Include="..\private\OilBarrel.cpp">
      <Filter>GameObject\Terrain\OilBarrel</Filter>
    </ClCompile>
    <ClCompile Include="..\private\RagdollTest.cpp">
      <Filter>GameObject\Terrain\RagdollTest</Filter>
    </ClCompile>
    <ClCompile Include="..\private\TestPathPlaybackObject.cpp">
      <Filter>GameObject\Terrain\PathPlaybackTest</Filter>
    </ClCompile>
    <ClCompile Include="..\private\LuaTestObject.cpp">
      <Filter>GameObject\Terrain\LuaTest</Filter>
    </ClCompile>
    <ClCompile Include="..\private\NvClothCape.cpp">
      <Filter>GameObject\Terrain\NvClothCape</Filter>
    </ClCompile>
    <ClCompile Include="..\Private\Player_DashSkill_State.cpp">
      <Filter>GameObject\Player\StateMachine\State\Player_SkillStateBase\Player_DashSkill_State</Filter>
    </ClCompile>
    <ClCompile Include="..\Private\Player_AcientAttack_State.cpp">
      <Filter>GameObject\Player\StateMachine\State\Player_SkillStateBase\Player_AcientAttack_State</Filter>
    </ClCompile>
    <ClCompile Include="..\Private\Player_AccioSkill_State.cpp">
      <Filter>GameObject\Player\StateMachine\State\Player_SkillStateBase\Player_AccioSkill_State</Filter>
    </ClCompile>
    <ClCompile Include="..\Private\Player_DepulsoSkill_State.cpp">
      <Filter>GameObject\Player\StateMachine\State\Player_SkillStateBase\Player_DepulsoSkill_State</Filter>
    </ClCompile>
    <ClCompile Include="..\Private\Player_RevelioSkill_State.cpp">
      <Filter>GameObject\Player\StateMachine\State\Player_SkillStateBase\Player_RevelioSkill_State</Filter>
    </ClCompile>
    <ClCompile Include="..\Private\Player_DescendoSkill_State.cpp">
      <Filter>GameObject\Player\StateMachine\State\Player_SkillStateBase\Player_DescendoSkill_State</Filter>
    </ClCompile>
    <ClCompile Include="..\Private\BTTurnAnimation.cpp">
      <Filter>GameObject\AI\AnimRoot\Anim</Filter>
    </ClCompile>
    <ClCompile Include="..\private\BTMonResetTable.cpp">
      <Filter>GameObject\AI\Action</Filter>
    </ClCompile>
    <ClCompile Include="..\Private\Player_Magic_Bullet.cpp">
      <Filter>GameObject\Player\Player_Magic_Bullet</Filter>
    </ClCompile>
    <ClCompile Include="..\Private\Player_Hit_State.cpp">
      <Filter>GameObject\Player\StateMachine\State\Player_Hit_State</Filter>
    </ClCompile>
    <ClCompile Include="..\private\MonEffectBall.cpp">
      <Filter>GameObject\Monster\Effect</Filter>
    </ClCompile>
    <ClCompile Include="..\Private\Player_RepairoSkill_State.cpp">
      <Filter>GameObject\Player\StateMachine\State\Player_SkillStateBase\Player_RepairoSkill_State</Filter>
    </ClCompile>
    <ClCompile Include="..\private\TriggerCRW_SpawnMonster1.cpp">
      <Filter>GameObject\CharlesRookwood\Trigger\SpawnMonster1</Filter>
    </ClCompile>
    <ClCompile Include="..\Private\Cursor.cpp">
      <Filter>GameObject\UI\Cursor</Filter>
    </ClCompile>
    <ClCompile Include="..\Private\Monster.cpp">
      <Filter>GameObject\Monster\00.Parents</Filter>
    </ClCompile>
    <ClCompile Include="..\Private\StarBurst.cpp">
      <Filter>GameObject\Monster\TombBoss</Filter>
    </ClCompile>
    <ClCompile Include="..\private\GurdianWeapon.cpp">
      <Filter>GameObject\Monster\TombGudian</Filter>
    </ClCompile>
    <ClCompile Include="..\Private\StarBurst.cpp">
      <Filter>GameObject\Monster\Effect</Filter>
    </ClCompile>
    <ClCompile Include="..\Private\Mon_Weapon.cpp">
      <Filter>GameObject\Monster</Filter>
    </ClCompile>
    <ClCompile Include="..\private\BossMace.cpp" />
    <ClCompile Include="..\Private\Mon_Weapon.cpp">
      <Filter>GameObject\Monster\00.Parents</Filter>
    </ClCompile>
    <ClCompile Include="..\private\BossMace.cpp" />
    <ClCompile Include="..\Private\PlayerRagdollController.cpp">
      <Filter>GameObject\Player\Player_RagdollController</Filter>
    </ClCompile>
    <ClCompile Include="..\Private\Player.cpp">
      <Filter>GameObject\Player</Filter>
    </ClCompile>
    <ClCompile Include="..\Private\SkyCloudyCube.cpp">
      <Filter>GameObject\SkyBox</Filter>
    </ClCompile>
    <ClCompile Include="..\private\BossMace.cpp">
      <Filter>GameObject\Monster\TombBoss</Filter>
    </ClCompile>
    <ClCompile Include="..\private\BTCinematic.cpp">
      <Filter>GameObject\AI\Action</Filter>
    </ClCompile>
    <ClCompile Include="..\Private\TombBossBullet.cpp">
      <Filter>GameObject\Monster\TombBoss\SYChild</Filter>
    </ClCompile>
    <ClCompile Include="..\private\EnderDragon.cpp">
      <Filter>GameObject\Monster\EnderDragon</Filter>
    </ClCompile>
    <ClCompile Include="..\private\EnderDragon_State.cpp">
      <Filter>GameObject\Monster\EnderDragon\FSM</Filter>
    </ClCompile>
    <ClCompile Include="..\private\Edg_Spawn.cpp">
      <Filter>GameObject\Monster\EnderDragon\FSM\State</Filter>
    </ClCompile>
    <ClCompile Include="..\private\Edg_Combat.cpp">
      <Filter>GameObject\Monster\EnderDragon\FSM\State</Filter>
    </ClCompile>
    <ClCompile Include="..\Private\BTDecFlag.cpp">
      <Filter>GameObject\AI\Decorator\Public</Filter>
    </ClCompile>
    <ClCompile Include="..\Private\BTDecHitCnt.cpp">
      <Filter>GameObject\AI\Decorator\Public</Filter>
    </ClCompile>
    <ClCompile Include="..\Private\BTDecHp.cpp">
      <Filter>GameObject\AI\Decorator\Public</Filter>
    </ClCompile>
    <ClCompile Include="..\Private\BTDecInvert.cpp">
      <Filter>GameObject\AI\Decorator\Public</Filter>
    </ClCompile>
    <ClCompile Include="..\private\BTDecIsGround.cpp">
      <Filter>GameObject\AI\Decorator\Public</Filter>
    </ClCompile>
    <ClCompile Include="..\private\BTDecIsPending.cpp">
      <Filter>GameObject\AI\Decorator\Public</Filter>
    </ClCompile>
    <ClCompile Include="..\Private\BTDecLier.cpp">
      <Filter>GameObject\AI\Decorator\Public</Filter>
    </ClCompile>
    <ClCompile Include="..\Private\BTDecSearch.cpp">
      <Filter>GameObject\AI\Decorator\Public</Filter>
    </ClCompile>
    <ClCompile Include="..\Private\BTDecTimer.cpp">
      <Filter>GameObject\AI\Decorator\Public</Filter>
    </ClCompile>
    <ClCompile Include="..\private\BTDecEdgState.cpp">
      <Filter>GameObject\AI\Decorator\Dragon</Filter>
    </ClCompile>
    <ClCompile Include="..\private\BTEdgStateFinished.cpp">
      <Filter>GameObject\AI\Action\Dragon</Filter>
    </ClCompile>
    <ClCompile Include="..\private\Edg_Hit.cpp">
      <Filter>GameObject\Monster\EnderDragon\FSM\State</Filter>
    </ClCompile>
    <ClCompile Include="..\private\BTDecEdgPhase.cpp">
      <Filter>GameObject\AI\Decorator\Dragon</Filter>
    </ClCompile>
    <ClCompile Include="..\private\Edg_Phase.cpp">
      <Filter>GameObject\Monster\EnderDragon\FSM\State</Filter>
    </ClCompile>
    <ClCompile Include="..\private\BTDecEdgPatroll.cpp">
      <Filter>GameObject\AI\Decorator\Dragon</Filter>
    </ClCompile>
    <ClCompile Include="..\private\LevelLastBossRanrok.cpp">
      <Filter>Level\LastBossRanrok</Filter>
    </ClCompile>
    <ClCompile Include="..\private\LevelLastBossRanrokLoader.cpp">
      <Filter>Loader\Level\LastBossRanrok</Filter>
    </ClCompile>
    <ClCompile Include="..\Private\Player_Fly_State.cpp">
      <Filter>GameObject\Player\StateMachine\State\Player_Fly_State</Filter>
    </ClCompile>
    <ClCompile Include="..\private\DragonSKill.cpp">
      <Filter>GameObject\Monster\EnderDragon\Skill</Filter>
    </ClCompile>
    <ClCompile Include="..\private\EdgFireBall.cpp">
      <Filter>GameObject\Monster\EnderDragon\Skill\FireBall</Filter>
    </ClCompile>
    <ClCompile Include="..\private\EdgBreath.cpp">
      <Filter>GameObject\Monster\EnderDragon\Skill\Bress</Filter>
    </ClCompile>
    <ClCompile Include="..\private\EdgPulse.cpp">
      <Filter>GameObject\Monster\EnderDragon\Skill\Pulse</Filter>
    </ClCompile>
  </ItemGroup>
  <ItemGroup>
    <FxCompile Include="..\ShaderFiles\Shader_Lightning.hlsl">
      <Filter>ShaderFiles\Particle</Filter>
    </FxCompile>
    <FxCompile Include="..\ShaderFiles\Shader_Structured_Mesh_NoiseScroll.hlsl">
      <Filter>ShaderFiles\Particle</Filter>
    </FxCompile>
    <FxCompile Include="..\ShaderFiles\Shader_Structured_Mesh_Particle.hlsl">
      <Filter>ShaderFiles\Particle</Filter>
    </FxCompile>
    <FxCompile Include="..\ShaderFiles\Shader_Structured_Mesh_Particle_UvScroll.hlsl">
      <Filter>ShaderFiles\Particle</Filter>
    </FxCompile>
    <FxCompile Include="..\ShaderFiles\Shader_Structured_Mesh_UV_XScroll.hlsl">
      <Filter>ShaderFiles\Particle</Filter>
    </FxCompile>
    <FxCompile Include="..\ShaderFiles\Shader_Structured_Tex_Particle.hlsl">
      <Filter>ShaderFiles\Particle</Filter>
    </FxCompile>
    <FxCompile Include="..\ShaderFiles\Shader_Structured_Tex_Particle_Smoke.hlsl">
      <Filter>ShaderFiles\Particle</Filter>
    </FxCompile>
    <FxCompile Include="..\ShaderFiles\Shader_CPU_Lightning_Mesh.hlsl">
      <Filter>ShaderFiles\Particle</Filter>
    </FxCompile>
    <FxCompile Include="..\ShaderFiles\Shader_CPU_Lightning_Tex.hlsl">
      <Filter>ShaderFiles\Particle</Filter>
    </FxCompile>
    <FxCompile Include="..\ShaderFiles\Shader_CPU_Mesh_Particle.hlsl">
      <Filter>ShaderFiles\Particle</Filter>
    </FxCompile>
    <FxCompile Include="..\ShaderFiles\Shader_CPU_Tex_Particle.hlsl">
      <Filter>ShaderFiles\Particle</Filter>
    </FxCompile>
    <FxCompile Include="..\ShaderFiles\Shader_GPU_Splash.hlsl">
      <Filter>ShaderFiles\Particle</Filter>
    </FxCompile>
    <FxCompile Include="..\ShaderFiles\Shader_Trail.hlsl">
      <Filter>ShaderFiles\Particle</Filter>
    </FxCompile>
    <FxCompile Include="..\ShaderFiles\Shader_Ribbon.hlsl">
      <Filter>ShaderFiles\Particle</Filter>
    </FxCompile>
    <ClCompile Include="..\Private\UIManager.cpp">
      <Filter>GameObject\UI</Filter>
    </ClCompile>
    <ClCompile Include="..\Private\Button.cpp">
      <Filter>GameObject\UI\Button</Filter>
    </ClCompile>
    <ClCompile Include="..\Private\EffectUI.cpp">
      <Filter>GameObject\UI\Flipbook</Filter>
    </ClCompile>
    <ClCompile Include="..\Private\HPBar.cpp">
      <Filter>GameObject\UI\9Slice</Filter>
    </ClCompile>
    <ClCompile Include="..\Private\MiniMap.cpp">
      <Filter>GameObject\UI\MiniMap</Filter>
    </ClCompile>
    <ClCompile Include="..\Private\SpellMeter.cpp">
      <Filter>GameObject\UI\SpellMeter</Filter>
    </ClCompile>
    <ClCompile Include="..\Private\TextBox.cpp">
      <Filter>GameObject\UI\TextBox</Filter>
    </ClCompile>
    <ClCompile Include="..\Private\TextureUI.cpp">
      <Filter>GameObject\UI\TextureUI</Filter>
    </ClCompile>
    <ClCompile Include="..\Private\UIController.cpp">
      <Filter>GameObject\UI\UIController</Filter>
    </ClCompile>
    <FxCompile Include="..\ShaderFiles\Shader_CPU_ExtraEffect.hlsl">
      <Filter>ShaderFiles\Particle</Filter>
    </FxCompile>
    <ClCompile Include="..\Private\GameOverMask.cpp">
      <Filter>GameObject\UI\GameOverMask</Filter>
    </ClCompile>
    <ClCompile Include="..\Private\VideoObject.cpp">
      <Filter>GameObject\UI\VideoObject</Filter>
    </ClCompile>
    <FxCompile Include="..\ShaderFiles\Shader_SkyCloudy.hlsl">
      <Filter>ShaderFiles\SkyBox</Filter>
    </FxCompile>
    <FxCompile Include="..\ShaderFiles\Shader_CPU_Player_Skill_Mesh.hlsl">
      <Filter>ShaderFiles\Particle</Filter>
    </FxCompile>
    <FxCompile Include="..\ShaderFiles\Shader_CPU_Player_Skill_Texture.hlsl">
      <Filter>ShaderFiles\Particle</Filter>
    </FxCompile>
  </ItemGroup>
</Project>
