<?xml version="1.0" encoding="utf-8"?>
<Project ToolsVersion="4.0" xmlns="http://schemas.microsoft.com/developer/msbuild/2003">
  <ItemGroup>
    <Filter Include="98.Default">
      <UniqueIdentifier>{5d1c42fb-8454-4b98-9676-a9a0ee5a36b5}</UniqueIdentifier>
    </Filter>
    <Filter Include="99.Defines">
      <UniqueIdentifier>{a244368f-3a25-4ded-865c-53d0f9b18698}</UniqueIdentifier>
    </Filter>
    <Filter Include="GameObject">
      <UniqueIdentifier>{3dc0c1d8-cc5e-43aa-968b-c177d5418826}</UniqueIdentifier>
    </Filter>
    <Filter Include="Level">
      <UniqueIdentifier>{b8152acc-83b8-4783-abe8-1406555c22ef}</UniqueIdentifier>
    </Filter>
    <Filter Include="MainApp">
      <UniqueIdentifier>{99a54153-9023-45de-a6b3-94ebef2ebf9d}</UniqueIdentifier>
    </Filter>
    <Filter Include="Resource">
      <UniqueIdentifier>{495a737e-964c-49de-afc9-a3872c4fb13e}</UniqueIdentifier>
    </Filter>
    <Filter Include="Level\Logo">
      <UniqueIdentifier>{b0ab3c35-6c61-4233-a5ce-0aac6fd25753}</UniqueIdentifier>
    </Filter>
    <Filter Include="Level\Loading">
      <UniqueIdentifier>{3c475e19-0885-477f-ba87-adbe759c4483}</UniqueIdentifier>
    </Filter>
    <Filter Include="Level\Playground">
      <UniqueIdentifier>{779d041a-2c8b-4d6c-8e8c-258f3d8e482a}</UniqueIdentifier>
    </Filter>
    <Filter Include="GameObject\BackGround">
      <UniqueIdentifier>{8ce28b08-2903-4259-9bbc-097f5cf7c773}</UniqueIdentifier>
    </Filter>
    <Filter Include="GameObject\Terrain">
      <UniqueIdentifier>{0b5749ea-64b5-41e5-93a1-dca026d8286b}</UniqueIdentifier>
    </Filter>
    <Filter Include="Resource\Buffer">
      <UniqueIdentifier>{314c6dc0-716a-40bc-b990-a48202075419}</UniqueIdentifier>
    </Filter>
    <Filter Include="GameObject\UI">
      <UniqueIdentifier>{38cf841e-101b-430d-880d-1fd220c36526}</UniqueIdentifier>
    </Filter>
    <Filter Include="Level\UiEditor">
      <UniqueIdentifier>{4dbab323-49ba-4254-9b54-55ad74f1e917}</UniqueIdentifier>
    </Filter>
    <Filter Include="GameObject\TestModel">
      <UniqueIdentifier>{82e6f5e6-d781-49af-b141-9ac4fb7e508a}</UniqueIdentifier>
    </Filter>
    <Filter Include="ShaderFiles">
      <UniqueIdentifier>{095b09c3-adbb-42a6-be96-c9e009c52131}</UniqueIdentifier>
    </Filter>
    <Filter Include="Level\AnimationEditor">
      <UniqueIdentifier>{d486366a-4131-4b07-a031-02013c347cf9}</UniqueIdentifier>
    </Filter>
    <Filter Include="GameObject\LightObject">
      <UniqueIdentifier>{98bcf28d-edd4-4704-8ce8-35b7fc63e936}</UniqueIdentifier>
    </Filter>
    <Filter Include="Level\LightMap">
      <UniqueIdentifier>{37b33ef4-4bec-4844-b162-9856de0a2ebc}</UniqueIdentifier>
    </Filter>
    <Filter Include="Level\Collider">
      <UniqueIdentifier>{5a89bb20-d6c0-4132-b958-1fe2d603c31e}</UniqueIdentifier>
    </Filter>
    <Filter Include="GameObject\TestCollider">
      <UniqueIdentifier>{98c5a8e4-2bf9-481e-a667-3fdc3b61dcef}</UniqueIdentifier>
    </Filter>
    <Filter Include="Particles">
      <UniqueIdentifier>{3d638817-0214-468d-ae71-fc1febda3bd9}</UniqueIdentifier>
    </Filter>
    <Filter Include="GameObject\TestModel\Anim">
      <UniqueIdentifier>{700db935-5561-42f9-9674-79d12cfa287c}</UniqueIdentifier>
    </Filter>
    <Filter Include="GameObject\TestModel\NonAnim">
      <UniqueIdentifier>{30ad92bc-cfdc-4eb6-bda6-bfee0401f606}</UniqueIdentifier>
    </Filter>
    <Filter Include="Level\PhysX">
      <UniqueIdentifier>{243ae7a2-41e9-4636-8c84-385d065d145d}</UniqueIdentifier>
    </Filter>
    <Filter Include="GameObject\TestPhysx">
      <UniqueIdentifier>{724fae78-f8d4-47c3-81bb-10356cc8d895}</UniqueIdentifier>
    </Filter>
    <Filter Include="GameObject\TestPhysx\Terrain">
      <UniqueIdentifier>{99e3d2a8-e90c-4ad3-b430-03c3773444d2}</UniqueIdentifier>
    </Filter>
    <Filter Include="GameObject\TestPhysx\Ball">
      <UniqueIdentifier>{d2e9dd97-180f-44f6-b8d6-b7ce9f47413a}</UniqueIdentifier>
    </Filter>
    <Filter Include="GameObject\TestPhysx\Box">
      <UniqueIdentifier>{41d927b4-d289-4d1e-8a17-29332f266fde}</UniqueIdentifier>
    </Filter>
    <Filter Include="GameObject\TestPhysx\Capsule">
      <UniqueIdentifier>{7b83671d-5cd1-4f24-8519-9695f9bf0a20}</UniqueIdentifier>
    </Filter>
    <Filter Include="GameObject\UI\TexUI">
      <UniqueIdentifier>{96c0555a-899c-43c8-b53f-8d8a0fff0b0e}</UniqueIdentifier>
    </Filter>
    <Filter Include="GameObject\UI\FilpBook">
      <UniqueIdentifier>{0857634d-6e20-458d-bd1e-e0b73c69a1d6}</UniqueIdentifier>
    </Filter>
    <Filter Include="GameObject\AI">
      <UniqueIdentifier>{b724b668-98a1-40fb-892d-e6e4c6169904}</UniqueIdentifier>
    </Filter>
    <Filter Include="GameObject\AI\BTAction">
      <UniqueIdentifier>{fee9e43f-c036-47ab-8d2d-97e6771ec8c4}</UniqueIdentifier>
    </Filter>
    <Filter Include="GameObject\AI\BTDecorator">
      <UniqueIdentifier>{0f051330-2786-432f-8a2c-59dcb645f58f}</UniqueIdentifier>
    </Filter>
    <Filter Include="GameObject\AI\Header">
      <UniqueIdentifier>{98fd5b71-cb07-4a23-88f0-80d1b6f6f076}</UniqueIdentifier>
    </Filter>
    <Filter Include="GameObject\UI\TextBox">
      <UniqueIdentifier>{e22f6b7b-6f6d-4105-8bc6-78361e7ef021}</UniqueIdentifier>
    </Filter>
    <Filter Include="GameObject\UI\Button">
      <UniqueIdentifier>{b95f98b8-dda0-492c-83ef-ee45acfd798b}</UniqueIdentifier>
    </Filter>
    <Filter Include="LuaFiles">
      <UniqueIdentifier>{e2e6d417-5abe-4793-a29c-05884c540114}</UniqueIdentifier>
    </Filter>
    <Filter Include="LuaFiles\ClientTest">
      <UniqueIdentifier>{93d4e033-315c-4287-99e0-69a37013f150}</UniqueIdentifier>
    </Filter>
  </ItemGroup>
  <ItemGroup>
    <ClInclude Include="framework.h">
      <Filter>98.Default</Filter>
    </ClInclude>
    <ClInclude Include="Resource.h">
      <Filter>98.Default</Filter>
    </ClInclude>
    <ClInclude Include="SampleClient.h">
      <Filter>98.Default</Filter>
    </ClInclude>
    <ClInclude Include="targetver.h">
      <Filter>98.Default</Filter>
    </ClInclude>
    <ClInclude Include="pch.h">
      <Filter>98.Default</Filter>
    </ClInclude>
    <ClInclude Include="..\Public\Level_Defines.h">
      <Filter>99.Defines</Filter>
    </ClInclude>
    <ClInclude Include="..\Public\Client_Defines.h">
      <Filter>99.Defines</Filter>
    </ClInclude>
    <ClInclude Include="..\Public\MainApp.h">
      <Filter>MainApp</Filter>
    </ClInclude>
    <ClInclude Include="..\Public\LevelLoading.h">
      <Filter>Level\Loading</Filter>
    </ClInclude>
    <ClInclude Include="..\Public\LevelLogo.h">
      <Filter>Level\Logo</Filter>
    </ClInclude>
    <ClInclude Include="..\public\LevelPlayground.h">
      <Filter>Level\Playground</Filter>
    </ClInclude>
    <ClInclude Include="..\Public\BackGround.h">
      <Filter>GameObject\BackGround</Filter>
    </ClInclude>
    <ClInclude Include="..\public\Terrain.h">
      <Filter>GameObject\Terrain</Filter>
    </ClInclude>
    <ClInclude Include="..\Public\Client_Resources.h">
      <Filter>Resource</Filter>
    </ClInclude>
    <ClInclude Include="..\public\ResTerrainVIBuffer.h">
      <Filter>Resource\Buffer</Filter>
    </ClInclude>
    <ClInclude Include="..\Public\TestModel.h">
      <Filter>GameObject\TestModel</Filter>
    </ClInclude>
    <ClInclude Include="..\public\TestGob.h">
      <Filter>GameObject\AI</Filter>
    </ClInclude>
    <ClInclude Include="..\Public\LevelUIEditor.h">
      <Filter>Level\UiEditor</Filter>
    </ClInclude>
    <ClInclude Include="..\Public\LevelAnimEditor.h">
      <Filter>Level\AnimationEditor</Filter>
    </ClInclude>
    <ClInclude Include="..\Public\LevelLightMap.h">
      <Filter>Level\LightMap</Filter>
    </ClInclude>
    <ClInclude Include="..\Public\LightObject.h">
      <Filter>GameObject\LightObject</Filter>
    </ClInclude>
    <ClInclude Include="..\public\LevelCollider.h">
      <Filter>Level\Collider</Filter>
    </ClInclude>
    <ClInclude Include="..\public\TestCollider.h">
      <Filter>GameObject\TestCollider</Filter>
    </ClInclude>
    <ClInclude Include="..\public\LevelPhysX.h">
      <Filter>Level\PhysX</Filter>
    </ClInclude>
    <ClInclude Include="..\public\TestPhysX.h">
      <Filter>GameObject\TestPhysx</Filter>
    </ClInclude>
    <ClInclude Include="..\public\TestPhysXTerrain.h">
      <Filter>GameObject\TestPhysx\Terrain</Filter>
    </ClInclude>
    <ClInclude Include="..\public\TestPhysXBall.h">
      <Filter>GameObject\TestPhysx\Ball</Filter>
    </ClInclude>
    <ClInclude Include="..\public\TestPhysXBox.h">
      <Filter>GameObject\TestPhysx\Box</Filter>
    </ClInclude>
    <ClInclude Include="..\public\TestPhysXCapsule.h">
      <Filter>GameObject\TestPhysx\Capsule</Filter>
    </ClInclude>
    <ClInclude Include="..\public\Particle_Fire_CPU.h">
      <Filter>Particles</Filter>
    </ClInclude>
    <ClInclude Include="..\public\Particle_Ribbon.h">
      <Filter>Particles</Filter>
    </ClInclude>
    <ClInclude Include="..\public\BTMove.h">
      <Filter>GameObject\AI\BTAction</Filter>
    </ClInclude>
    <ClInclude Include="..\Public\TestModel.h">
      <Filter>GameObject\TestModel\Anim</Filter>
    </ClInclude>
    <ClInclude Include="..\Public\Test_StaticModel.h">
      <Filter>GameObject\TestModel\NonAnim</Filter>
    </ClInclude>
    <ClInclude Include="..\public\BTAnimation.h">
      <Filter>GameObject\AI\BTAction</Filter>
    </ClInclude>
    <ClInclude Include="..\public\Monster.h">
      <Filter>GameObject\AI</Filter>
    </ClInclude>
    <ClInclude Include="..\public\BTTurnSlow.h">
      <Filter>GameObject\AI\BTAction</Filter>
    </ClInclude>
    <ClInclude Include="..\public\BTDecSearch.h">
      <Filter>GameObject\AI\BTDecorator</Filter>
    </ClInclude>
    <ClInclude Include="..\Public\BTHeader_Definse.h">
      <Filter>GameObject\AI\Header</Filter>
    </ClInclude>
    <ClInclude Include="..\public\Trail_Example.h">
      <Filter>Particles</Filter>
    </ClInclude>
    <ClInclude Include="..\public\Particle_Fire_GPU.h">
      <Filter>Particles</Filter>
    </ClInclude>
    <ClInclude Include="..\public\BTDecTimer.h">
      <Filter>GameObject\AI\BTDecorator</Filter>
    </ClInclude>
    <ClInclude Include="..\public\BTDead.h">
      <Filter>GameObject\AI\BTDecorator</Filter>
    </ClInclude>
    <ClInclude Include="..\public\BTTurnDirect.h">
      <Filter>GameObject\AI\BTAction</Filter>
    </ClInclude>
    <ClInclude Include="..\public\BTDecLier.h">
      <Filter>GameObject\AI\BTDecorator</Filter>
    </ClInclude>
    <ClInclude Include="..\public\BTChase.h">
      <Filter>GameObject\AI\BTAction</Filter>
    </ClInclude>
    <ClInclude Include="..\public\BTDecInvert.h">
      <Filter>GameObject\AI\BTDecorator</Filter>
    </ClInclude>
    <ClInclude Include="..\public\BTOnlyFalse.h">
      <Filter>GameObject\AI\BTAction</Filter>
    </ClInclude>
    <ClInclude Include="..\public\BTOnlyTrue.h">
      <Filter>GameObject\AI\BTAction</Filter>
    </ClInclude>
    <ClInclude Include="..\public\BTTeleport.h">
      <Filter>GameObject\AI\BTAction</Filter>
    </ClInclude>
    <ClInclude Include="..\Public\TextureUI.h">
      <Filter>GameObject\UI\TexUI</Filter>
    </ClInclude>
    <ClInclude Include="..\public\EffectUI.h">
      <Filter>GameObject\UI\FilpBook</Filter>
    </ClInclude>
    <ClInclude Include="..\public\TextBox.h">
      <Filter>GameObject\UI\TextBox</Filter>
    </ClInclude>
    <ClInclude Include="..\Public\UIManager.h">
      <Filter>GameObject\UI</Filter>
    </ClInclude>
    <ClInclude Include="..\Public\UI_Enums.h">
      <Filter>99.Defines</Filter>
    </ClInclude>
    <ClInclude Include="..\Public\Button.h">
      <Filter>GameObject\UI\Button</Filter>
    </ClInclude>
  </ItemGroup>
  <ItemGroup>
    <Image Include="SampleClient.ico">
      <Filter>98.Default</Filter>
    </Image>
    <Image Include="small.ico">
      <Filter>98.Default</Filter>
    </Image>
  </ItemGroup>
  <ItemGroup>
    <ResourceCompile Include="SampleClient.rc">
      <Filter>98.Default</Filter>
    </ResourceCompile>
  </ItemGroup>
  <ItemGroup>
    <ClCompile Include="SampleClient.cpp">
      <Filter>98.Default</Filter>
    </ClCompile>
    <ClCompile Include="pch.cpp">
      <Filter>98.Default</Filter>
    </ClCompile>
    <ClCompile Include="..\Private\MainApp.cpp">
      <Filter>MainApp</Filter>
    </ClCompile>
    <ClCompile Include="..\Private\LevelLoading.cpp">
      <Filter>Level\Loading</Filter>
    </ClCompile>
    <ClCompile Include="..\Private\LevelLogo.cpp">
      <Filter>Level\Logo</Filter>
    </ClCompile>
    <ClCompile Include="..\private\LevelPlayground.cpp">
      <Filter>Level\Playground</Filter>
    </ClCompile>
    <ClCompile Include="..\Private\BackGround.cpp">
      <Filter>GameObject\BackGround</Filter>
    </ClCompile>
    <ClCompile Include="..\private\Terrain.cpp">
      <Filter>GameObject\Terrain</Filter>
    </ClCompile>
    <ClCompile Include="..\private\ResTerrainVIBuffer.cpp">
      <Filter>Resource\Buffer</Filter>
    </ClCompile>
    <ClCompile Include="..\Private\LevelAnimEditor.cpp">
      <Filter>Level\AnimationEditor</Filter>
    </ClCompile>
    <ClCompile Include="..\private\BTMove.cpp">
      <Filter>GameObject\AI\BTAction</Filter>
    </ClCompile>
    <ClCompile Include="..\Private\LevelLightMap.cpp">
      <Filter>Level\LightMap</Filter>
    </ClCompile>
    <ClCompile Include="..\Private\LightObject.cpp">
      <Filter>GameObject\LightObject</Filter>
    </ClCompile>
    <ClCompile Include="..\private\LevelCollider.cpp">
      <Filter>Level\Collider</Filter>
    </ClCompile>
    <ClCompile Include="..\private\TestCollider.cpp">
      <Filter>GameObject\TestCollider</Filter>
    </ClCompile>
    <ClCompile Include="..\private\Particle_Fire_CPU.cpp">
      <Filter>Particles</Filter>
    </ClCompile>
    <ClCompile Include="..\private\Particle_Ribbon.cpp">
      <Filter>Particles</Filter>
    </ClCompile>
    <ClCompile Include="..\private\LevelPhysX.cpp">
      <Filter>Level\PhysX</Filter>
    </ClCompile>
    <ClCompile Include="..\private\TestPhysX.cpp">
      <Filter>GameObject\TestPhysx</Filter>
    </ClCompile>
    <ClCompile Include="..\private\TestPhysXTerrain.cpp">
      <Filter>GameObject\TestPhysx\Terrain</Filter>
    </ClCompile>
    <ClCompile Include="..\private\TestPhysXBall.cpp">
      <Filter>GameObject\TestPhysx\Ball</Filter>
    </ClCompile>
    <ClCompile Include="..\private\TestPhysXBox.cpp">
      <Filter>GameObject\TestPhysx\Box</Filter>
    </ClCompile>
    <ClCompile Include="..\private\TestPhysXCapsule.cpp">
      <Filter>GameObject\TestPhysx\Capsule</Filter>
    </ClCompile>
    <ClCompile Include="..\private\TestGob.cpp">
      <Filter>GameObject\AI</Filter>
    </ClCompile>
    <ClCompile Include="..\private\BTDecTimer.cpp">
      <Filter>GameObject\AI\BTDecorator</Filter>
    </ClCompile>
    <ClCompile Include="..\public\BTDead.cpp">
      <Filter>GameObject\AI\BTDecorator</Filter>
    </ClCompile>
    <ClCompile Include="..\private\BTTurnDirect.cpp">
      <Filter>GameObject\AI\BTAction</Filter>
    </ClCompile>
    <ClCompile Include="..\private\BTDecLier.cpp">
      <Filter>GameObject\AI\BTDecorator</Filter>
    </ClCompile>
    <ClCompile Include="..\private\BTChase.cpp">
      <Filter>GameObject\AI\BTAction</Filter>
    </ClCompile>
    <ClCompile Include="..\private\BTDecInvert.cpp">
      <Filter>GameObject\AI\BTDecorator</Filter>
    </ClCompile>
    <ClCompile Include="..\private\BTOnlyFalse.cpp">
      <Filter>GameObject\AI\BTAction</Filter>
    </ClCompile>
    <ClCompile Include="..\private\BTOnlyTrue.cpp">
      <Filter>GameObject\AI\BTAction</Filter>
    </ClCompile>
    <ClCompile Include="..\private\BTTeleport.cpp">
      <Filter>GameObject\AI\BTAction</Filter>
    </ClCompile>
    <ClCompile Include="..\Private\LevelUIEditor.cpp">
      <Filter>Level\UiEditor</Filter>
    </ClCompile>
    <ClCompile Include="..\Private\TextureUI.cpp">
      <Filter>GameObject\UI\TexUI</Filter>
    </ClCompile>
    <ClCompile Include="..\private\EffectUI.cpp">
      <Filter>GameObject\UI\FilpBook</Filter>
    </ClCompile>
    <ClCompile Include="..\private\TextBox.cpp">
      <Filter>GameObject\UI\TextBox</Filter>
    </ClCompile>
    <ClCompile Include="..\Private\UIManager.cpp">
      <Filter>GameObject\UI</Filter>
    </ClCompile>
    <ClCompile Include="..\Private\Button.cpp">
      <Filter>GameObject\UI\Button</Filter>
    </ClCompile>
  </ItemGroup>
  <ItemGroup>
    <ClCompile Include="..\Private\TestModel.cpp">
      <Filter>GameObject\TestModel</Filter>
    </ClCompile>
    <ClCompile Include="..\Private\TestModel.cpp">
      <Filter>GameObject\TestModel\Anim</Filter>
    </ClCompile>
    <ClCompile Include="..\Private\Test_StaticModel.cpp">
      <Filter>GameObject\TestModel\NonAnim</Filter>
    </ClCompile>
    <ClCompile Include="..\private\Particle_Fire_GPU.cpp">
      <Filter>Particles</Filter>
    </ClCompile>
    <ClCompile Include="..\private\BTTurnSlow.cpp">
      <Filter>GameObject\AI\BTAction</Filter>
    </ClCompile>
    <ClCompile Include="..\private\BTDecSearch.cpp">
      <Filter>GameObject\AI\BTDecorator</Filter>
    </ClCompile>
  </ItemGroup>
  <ItemGroup>
    <ClCompile Include="..\private\BTAnimation.cpp">
      <Filter>GameObject\AI\BTAction</Filter>
    </ClCompile>
    <ClCompile Include="..\private\Monster.cpp">
      <Filter>GameObject\AI</Filter>
    </ClCompile>
    <ClCompile Include="..\private\Trail_Example.cpp">
      <Filter>Particles</Filter>
    </ClCompile>
  </ItemGroup>
  <ItemGroup>
    <FxCompile Include="..\ShaderFiles\Shader_VtxNorTex.hlsl">
      <Filter>ShaderFiles</Filter>
    </FxCompile>
    <FxCompile Include="..\Bin\ShaderFiles\TestModel\Shader_VtxAnimMesh.hlsl">
      <Filter>ShaderFiles</Filter>
    </FxCompile>
    <FxCompile Include="..\ShaderFiles\Shader_Structured_Tex_Particle.hlsl">
      <Filter>ShaderFiles</Filter>
    </FxCompile>
    <FxCompile Include="..\ShaderFiles\Shader_Ribbon.hlsl">
      <Filter>ShaderFiles</Filter>
    </FxCompile>
    <FxCompile Include="..\ShaderFiles\Shader_Trail.hlsl">
      <Filter>ShaderFiles</Filter>
    </FxCompile>
    <FxCompile Include="..\ShaderFiles\Shader_CPU_Mesh_Particle.hlsl">
      <Filter>ShaderFiles</Filter>
    </FxCompile>
    <FxCompile Include="..\ShaderFiles\Shader_Structured_Mesh_Particle.hlsl">
      <Filter>ShaderFiles</Filter>
    </FxCompile>
    <FxCompile Include="..\ShaderFiles\Shader_CPU_Tex_Particle.hlsl">
      <Filter>ShaderFiles</Filter>
    </FxCompile>
  </ItemGroup>
  <ItemGroup>
    <None Include="..\LuaFiles\ClientTest\asdf.lua">
      <Filter>LuaFiles\ClientTest</Filter>
    </None>
  </ItemGroup>
</Project>